
Microsoft Visual Studio Solution File, Format Version 12.00
# Visual Studio 15
VisualStudioVersion = 15.0.28010.2036
MinimumVisualStudioVersion = 10.0.40219.1
Project("{8BC9CEB8-8B4A-11D0-8D11-00A0C91BC942}") = "NO.0 Test", "NO.0 Test\NO.0 Test.vcxproj", "{7B70B710-74CC-4D59-886E-16DCC50D16AF}"
EndProject
Project("{8BC9CEB8-8B4A-11D0-8D11-00A0C91BC942}") = "NO.1 Two Sum", "NO.1 Two Sum\NO.1 Two Sum.vcxproj", "{937543A2-5062-4072-BDCB-0AE4F8C0124E}"
EndProject
Project("{8BC9CEB8-8B4A-11D0-8D11-00A0C91BC942}") = "NO.2 Add Two Numbers", "NO.2 Add Two Numbers\NO.2 Add Two Numbers.vcxproj", "{19B932D0-231D-4013-9C93-DE6FD4274E38}"
EndProject
Project("{8BC9CEB8-8B4A-11D0-8D11-00A0C91BC942}") = "NO.760 Find Anagram Mappings", "NO.760 Find Anagram Mappings\NO.760 Find Anagram Mappings.vcxproj", "{EB443F63-00D5-47C0-82AC-4BE5E4C3C041}"
EndProject
Project("{8BC9CEB8-8B4A-11D0-8D11-00A0C91BC942}") = "NO.728 Self Dividing Numbers", "NO.728 Self Dividing Numbers\NO.728 Self Dividing Numbers.vcxproj", "{6545C4C1-9A4E-4873-8BEC-9BB18AF7F6B5}"
EndProject
Project("{8BC9CEB8-8B4A-11D0-8D11-00A0C91BC942}") = "NO.461 Hamming Distance", "NO.461 Hamming Distance\NO.461 Hamming Distance.vcxproj", "{A9259CF8-DEC8-48D3-A75B-E4DDA85F6192}"
EndProject
Project("{8BC9CEB8-8B4A-11D0-8D11-00A0C91BC942}") = "NO.657 Judge Route Circle", "NO.657 Judge Route Circle\NO.657 Judge Route Circle.vcxproj", "{73D595FC-2E58-4AA6-BC23-621AD9A32B6A}"
EndProject
Project("{8BC9CEB8-8B4A-11D0-8D11-00A0C91BC942}") = "NO.617 Merge Two Binary Trees", "NO.617 Merge Two Binary Trees\NO.617 Merge Two Binary Trees.vcxproj", "{499305DE-4876-4B3E-A57A-4F239A91CFF8}"
EndProject
Project("{8BC9CEB8-8B4A-11D0-8D11-00A0C91BC942}") = "NO.344 Reverse String", "NO.344 Reverse String\NO.344 Reverse String.vcxproj", "{CEEB3E6C-07EF-4B08-ACCB-FC2FFEC256EA}"
EndProject
Project("{8BC9CEB8-8B4A-11D0-8D11-00A0C91BC942}") = "NO.561 Array Partition I", "NO.561 Array Partition I\NO.561 Array Partition I.vcxproj", "{DC60CBB6-110A-4D0C-AD3A-A48C376C511A}"
EndProject
Project("{8BC9CEB8-8B4A-11D0-8D11-00A0C91BC942}") = "NO.476 Number Complement", "NO.476 Number Complement\NO.476 Number Complement.vcxproj", "{1F1E3F12-DFF2-437D-8A24-9EB7EB9A1333}"
EndProject
Project("{8BC9CEB8-8B4A-11D0-8D11-00A0C91BC942}") = "NO.4 Median of Two Sorted Arrays", "NO.4 Median of Two Sorted Arrays\NO.4 Median of Two Sorted Arrays.vcxproj", "{918714A0-A532-4C32-A6A4-035305FFA339}"
EndProject
Project("{8BC9CEB8-8B4A-11D0-8D11-00A0C91BC942}") = "NO.803 Bricks Falling When Hit", "NO.803 Bricks Falling When Hit\NO.803 Bricks Falling When Hit.vcxproj", "{1894148E-BBDB-445B-804D-D66936EB0437}"
EndProject
Project("{8BC9CEB8-8B4A-11D0-8D11-00A0C91BC942}") = "NO.807 Max Increase to Keep City Skyline", "NO.807 Max Increase to Keep City Skyline\NO.807 Max Increase to Keep City Skyline.vcxproj", "{CEBC433A-9B65-4BC6-B79D-169BBAAA8287}"
EndProject
Project("{8BC9CEB8-8B4A-11D0-8D11-00A0C91BC942}") = "NO.771 Jewels and Stones", "NO.771 Jewels and Stones\NO.771 Jewels and Stones.vcxproj", "{40EB8E01-1E10-426C-B02A-E716370328F5}"
EndProject
Project("{8BC9CEB8-8B4A-11D0-8D11-00A0C91BC942}") = "NO.73 Set Matrix Zeroes", "NO.73 Set Matrix Zeroes\NO.73 Set Matrix Zeroes.vcxproj", "{5D988CAD-CDB4-4765-9124-C15D13339079}"
EndProject
Project("{8BC9CEB8-8B4A-11D0-8D11-00A0C91BC942}") = "NO.79 Word Search", "NO.79 Word Search\NO.79 Word Search.vcxproj", "{54D3565E-4B0D-480D-8B04-DFA2A29699BA}"
EndProject
Project("{8BC9CEB8-8B4A-11D0-8D11-00A0C91BC942}") = "NO.203 Remove Linked List Elements", "NO.203 Remove Linked List Elements\NO.203 Remove Linked List Elements.vcxproj", "{7DECDC90-0624-4F68-A75B-E88E71642A0A}"
EndProject
Project("{8BC9CEB8-8B4A-11D0-8D11-00A0C91BC942}") = "NO.77 Combinations", "NO.77 Combinations\NO.77 Combinations.vcxproj", "{3A36D69F-3DEF-4CCA-8AFB-B0924D5EAD5C}"
EndProject
Project("{8BC9CEB8-8B4A-11D0-8D11-00A0C91BC942}") = "NO.875 Koko Eating Bananas", "NO.875 Koko Eating Bananas\NO.875 Koko Eating Bananas.vcxproj", "{9BF168F2-20E9-45F8-80D4-D9C5A15FE221}"
EndProject
Project("{8BC9CEB8-8B4A-11D0-8D11-00A0C91BC942}") = "NO.872 Leaf-Similar Trees", "NO.872 Leaf-Similar Trees\NO.872 Leaf-Similar Trees.vcxproj", "{DF268A55-887A-44FC-8555-54847F6B3737}"
EndProject
Project("{8BC9CEB8-8B4A-11D0-8D11-00A0C91BC942}") = "NO.876 Middle of the Linked List", "NO.876 Middle of the Linked List\NO.876 Middle of the Linked List.vcxproj", "{7E4D8390-3B80-4EEF-861B-4E374CB0F09A}"
EndProject
Project("{8BC9CEB8-8B4A-11D0-8D11-00A0C91BC942}") = "NO.21 Merge Two Sorted Lists", "NO.21 Merge Two Sorted Lists\NO.21 Merge Two Sorted Lists.vcxproj", "{2EF85138-AE3E-484A-87CD-23117D648AE9}"
EndProject
Project("{8BC9CEB8-8B4A-11D0-8D11-00A0C91BC942}") = "NO.328 Odd Even Linked List", "NO.328 Odd Even Linked List\NO.328 Odd Even Linked List.vcxproj", "{C85D079F-F32D-49C7-8B7C-297834D0EB80}"
EndProject
Project("{8BC9CEB8-8B4A-11D0-8D11-00A0C91BC942}") = "NO.142 Linked List Cycle II", "NO.142 Linked List Cycle II\NO.142 Linked List Cycle II.vcxproj", "{A9C79D9D-3DC6-46B6-931E-022A7A383B08}"
EndProject
Project("{8BC9CEB8-8B4A-11D0-8D11-00A0C91BC942}") = "NO.700 Search in a Binary Search Tree", "NO.700 Search in a Binary Search Tree\NO.700 Search in a Binary Search Tree.vcxproj", "{41FBCFEA-138E-4CAB-80B6-0A3E7797A3B2}"
EndProject
Project("{8BC9CEB8-8B4A-11D0-8D11-00A0C91BC942}") = "NO.929 Unique Email Addresses", "NO.929 Unique Email Addresses\NO.929 Unique Email Addresses.vcxproj", "{A4111E8C-EBE1-48E8-BB6B-D6D9962462A0}"
EndProject
Project("{8BC9CEB8-8B4A-11D0-8D11-00A0C91BC942}") = "NO.654 Maximum Binary Tree", "NO.654 Maximum Binary Tree\NO.654 Maximum Binary Tree.vcxproj", "{AA32ACF4-DE3F-4E22-B03F-E439EFF5E3E4}"
EndProject
Project("{8BC9CEB8-8B4A-11D0-8D11-00A0C91BC942}") = "NO.104 Maximum Depth of Binary Tree", "NO.104 Maximum Depth of Binary Tree\NO.104 Maximum Depth of Binary Tree.vcxproj", "{05E1F983-D068-40FE-9A88-91B5FE4C9EB9}"
EndProject
Project("{8BC9CEB8-8B4A-11D0-8D11-00A0C91BC942}") = "NO.709 To Lower Case", "NO.709 To Lower Case\NO.709 To Lower Case.vcxproj", "{2F62F1F5-40F8-4DB2-A709-286FA74E36BB}"
EndProject
Project("{8BC9CEB8-8B4A-11D0-8D11-00A0C91BC942}") = "NO.961 N-Repeated Element in Size 2N Array", "NO.961 N-Repeated Element in Size 2N Array\NO.961 N-Repeated Element in Size 2N Array.vcxproj", "{0F7A40D4-1107-45C9-B219-03CE6B88ED07}"
EndProject
Project("{8BC9CEB8-8B4A-11D0-8D11-00A0C91BC942}") = "NO.804 Unique Morse Code Words", "NO.804 Unique Morse Code Words\NO.804 Unique Morse Code Words.vcxproj", "{D78FFD53-8186-475A-A9FE-4606E283A06B}"
EndProject
Project("{8BC9CEB8-8B4A-11D0-8D11-00A0C91BC942}") = "NO.905 Sort Array By Parity", "NO.905 Sort Array By Parity\NO.905 Sort Array By Parity.vcxproj", "{0452B887-74D0-4888-8004-D6E6572CF94C}"
EndProject
Project("{8BC9CEB8-8B4A-11D0-8D11-00A0C91BC942}") = "NO.832 Flipping an Image", "NO.832 Flipping an Image\NO.832 Flipping an Image.vcxproj", "{5DB6A163-DF89-42CE-AA4C-6C2E429A1FD1}"
EndProject
Project("{8BC9CEB8-8B4A-11D0-8D11-00A0C91BC942}") = "NO.965 Univalued Binary Tree", "NO.965 Univalued Binary Tree\NO.965 Univalued Binary Tree.vcxproj", "{9E32068D-88E0-4851-8607-1A7C377EF30B}"
EndProject
Project("{8BC9CEB8-8B4A-11D0-8D11-00A0C91BC942}") = "NO.944 Delete Columns to Make Sorted", "NO.944 Delete Columns to Make Sorted\NO.944 Delete Columns to Make Sorted.vcxproj", "{73F4D44F-408F-424B-B89B-E7B3A12E5CC2}"
EndProject
Project("{8BC9CEB8-8B4A-11D0-8D11-00A0C91BC942}") = "NO.942 DI String Match", "NO.942 DI String Match\NO.942 DI String Match.vcxproj", "{010E3D74-2B35-4036-A94F-5C49134168AD}"
EndProject
Project("{8BC9CEB8-8B4A-11D0-8D11-00A0C91BC942}") = "NO.852 Peak Index in a Mountain Array", "NO.852 Peak Index in a Mountain Array\NO.852 Peak Index in a Mountain Array.vcxproj", "{32A6B314-39E5-4D28-B324-F930B926F8C9}"
EndProject
Project("{8BC9CEB8-8B4A-11D0-8D11-00A0C91BC942}") = "NO.922 Sort Array By Parity II", "NO.922 Sort Array By Parity II\NO.922 Sort Array By Parity II.vcxproj", "{28B87B65-065C-4582-B956-9F1C5AEC0B28}"
EndProject
Project("{8BC9CEB8-8B4A-11D0-8D11-00A0C91BC942}") = "NO.589 N-ary Tree Preorder Traversal", "NO.589 N-ary Tree Preorder Traversal\NO.589 N-ary Tree Preorder Traversal.vcxproj", "{34B4ABA0-4D50-499D-AB4E-6EE21E88DFC8}"
EndProject
Project("{8BC9CEB8-8B4A-11D0-8D11-00A0C91BC942}") = "NO.590 N-ary Tree Postorder Traversal", "NO.590 N-ary Tree Postorder Traversal\NO.590 N-ary Tree Postorder Traversal.vcxproj", "{0E8AB9E2-3176-48CD-991D-328879F9D338}"
EndProject
Project("{8BC9CEB8-8B4A-11D0-8D11-00A0C91BC942}") = "NO.883 Projection Area of 3D Shapes", "NO.883 Projection Area of 3D Shapes\NO.883 Projection Area of 3D Shapes.vcxproj", "{8A2F3B46-82D5-464C-8A17-04CB6D391E2A}"
EndProject
Project("{8BC9CEB8-8B4A-11D0-8D11-00A0C91BC942}") = "NO.908 Smallest Range I", "NO.908 Smallest Range I\NO.908 Smallest Range I.vcxproj", "{DA04D8BD-6829-4C09-9688-B340CEF458E0}"
EndProject
Project("{8BC9CEB8-8B4A-11D0-8D11-00A0C91BC942}") = "NO.867 Transpose Matrix", "NO.867 Transpose Matrix\NO.867 Transpose Matrix.vcxproj", "{E7E5C901-21F6-4FAF-9CE8-D879B286B374}"
EndProject
Project("{8BC9CEB8-8B4A-11D0-8D11-00A0C91BC942}") = "NO.559 Maximum Depth of N-ary Tree", "NO.559 Maximum Depth of N-ary Tree\NO.559 Maximum Depth of N-ary Tree.vcxproj", "{6E87084A-DC19-4463-B6A3-084630E99BC1}"
EndProject
Project("{8BC9CEB8-8B4A-11D0-8D11-00A0C91BC942}") = "NO.811 Subdomain Visit Count", "NO.811 Subdomain Visit Count\NO.811 Subdomain Visit Count.vcxproj", "{8170EEFB-7A23-4616-B8A3-324277F073CE}"
EndProject
Global
	GlobalSection(SolutionConfigurationPlatforms) = preSolution
		Debug|x64 = Debug|x64
		Debug|x86 = Debug|x86
		Release|x64 = Release|x64
		Release|x86 = Release|x86
	EndGlobalSection
	GlobalSection(ProjectConfigurationPlatforms) = postSolution
		{7B70B710-74CC-4D59-886E-16DCC50D16AF}.Debug|x64.ActiveCfg = Debug|x64
		{7B70B710-74CC-4D59-886E-16DCC50D16AF}.Debug|x64.Build.0 = Debug|x64
		{7B70B710-74CC-4D59-886E-16DCC50D16AF}.Debug|x86.ActiveCfg = Debug|Win32
		{7B70B710-74CC-4D59-886E-16DCC50D16AF}.Debug|x86.Build.0 = Debug|Win32
		{7B70B710-74CC-4D59-886E-16DCC50D16AF}.Release|x64.ActiveCfg = Release|x64
		{7B70B710-74CC-4D59-886E-16DCC50D16AF}.Release|x64.Build.0 = Release|x64
		{7B70B710-74CC-4D59-886E-16DCC50D16AF}.Release|x86.ActiveCfg = Release|Win32
		{7B70B710-74CC-4D59-886E-16DCC50D16AF}.Release|x86.Build.0 = Release|Win32
		{937543A2-5062-4072-BDCB-0AE4F8C0124E}.Debug|x64.ActiveCfg = Debug|x64
		{937543A2-5062-4072-BDCB-0AE4F8C0124E}.Debug|x64.Build.0 = Debug|x64
		{937543A2-5062-4072-BDCB-0AE4F8C0124E}.Debug|x86.ActiveCfg = Debug|Win32
		{937543A2-5062-4072-BDCB-0AE4F8C0124E}.Debug|x86.Build.0 = Debug|Win32
		{937543A2-5062-4072-BDCB-0AE4F8C0124E}.Release|x64.ActiveCfg = Release|x64
		{937543A2-5062-4072-BDCB-0AE4F8C0124E}.Release|x64.Build.0 = Release|x64
		{937543A2-5062-4072-BDCB-0AE4F8C0124E}.Release|x86.ActiveCfg = Release|Win32
		{937543A2-5062-4072-BDCB-0AE4F8C0124E}.Release|x86.Build.0 = Release|Win32
		{19B932D0-231D-4013-9C93-DE6FD4274E38}.Debug|x64.ActiveCfg = Debug|x64
		{19B932D0-231D-4013-9C93-DE6FD4274E38}.Debug|x64.Build.0 = Debug|x64
		{19B932D0-231D-4013-9C93-DE6FD4274E38}.Debug|x86.ActiveCfg = Debug|Win32
		{19B932D0-231D-4013-9C93-DE6FD4274E38}.Debug|x86.Build.0 = Debug|Win32
		{19B932D0-231D-4013-9C93-DE6FD4274E38}.Release|x64.ActiveCfg = Release|x64
		{19B932D0-231D-4013-9C93-DE6FD4274E38}.Release|x64.Build.0 = Release|x64
		{19B932D0-231D-4013-9C93-DE6FD4274E38}.Release|x86.ActiveCfg = Release|Win32
		{19B932D0-231D-4013-9C93-DE6FD4274E38}.Release|x86.Build.0 = Release|Win32
		{EB443F63-00D5-47C0-82AC-4BE5E4C3C041}.Debug|x64.ActiveCfg = Debug|x64
		{EB443F63-00D5-47C0-82AC-4BE5E4C3C041}.Debug|x64.Build.0 = Debug|x64
		{EB443F63-00D5-47C0-82AC-4BE5E4C3C041}.Debug|x86.ActiveCfg = Debug|Win32
		{EB443F63-00D5-47C0-82AC-4BE5E4C3C041}.Debug|x86.Build.0 = Debug|Win32
		{EB443F63-00D5-47C0-82AC-4BE5E4C3C041}.Release|x64.ActiveCfg = Release|x64
		{EB443F63-00D5-47C0-82AC-4BE5E4C3C041}.Release|x64.Build.0 = Release|x64
		{EB443F63-00D5-47C0-82AC-4BE5E4C3C041}.Release|x86.ActiveCfg = Release|Win32
		{EB443F63-00D5-47C0-82AC-4BE5E4C3C041}.Release|x86.Build.0 = Release|Win32
		{6545C4C1-9A4E-4873-8BEC-9BB18AF7F6B5}.Debug|x64.ActiveCfg = Debug|x64
		{6545C4C1-9A4E-4873-8BEC-9BB18AF7F6B5}.Debug|x64.Build.0 = Debug|x64
		{6545C4C1-9A4E-4873-8BEC-9BB18AF7F6B5}.Debug|x86.ActiveCfg = Debug|Win32
		{6545C4C1-9A4E-4873-8BEC-9BB18AF7F6B5}.Debug|x86.Build.0 = Debug|Win32
		{6545C4C1-9A4E-4873-8BEC-9BB18AF7F6B5}.Release|x64.ActiveCfg = Release|x64
		{6545C4C1-9A4E-4873-8BEC-9BB18AF7F6B5}.Release|x64.Build.0 = Release|x64
		{6545C4C1-9A4E-4873-8BEC-9BB18AF7F6B5}.Release|x86.ActiveCfg = Release|Win32
		{6545C4C1-9A4E-4873-8BEC-9BB18AF7F6B5}.Release|x86.Build.0 = Release|Win32
		{A9259CF8-DEC8-48D3-A75B-E4DDA85F6192}.Debug|x64.ActiveCfg = Debug|x64
		{A9259CF8-DEC8-48D3-A75B-E4DDA85F6192}.Debug|x64.Build.0 = Debug|x64
		{A9259CF8-DEC8-48D3-A75B-E4DDA85F6192}.Debug|x86.ActiveCfg = Debug|Win32
		{A9259CF8-DEC8-48D3-A75B-E4DDA85F6192}.Debug|x86.Build.0 = Debug|Win32
		{A9259CF8-DEC8-48D3-A75B-E4DDA85F6192}.Release|x64.ActiveCfg = Release|x64
		{A9259CF8-DEC8-48D3-A75B-E4DDA85F6192}.Release|x64.Build.0 = Release|x64
		{A9259CF8-DEC8-48D3-A75B-E4DDA85F6192}.Release|x86.ActiveCfg = Release|Win32
		{A9259CF8-DEC8-48D3-A75B-E4DDA85F6192}.Release|x86.Build.0 = Release|Win32
		{73D595FC-2E58-4AA6-BC23-621AD9A32B6A}.Debug|x64.ActiveCfg = Debug|x64
		{73D595FC-2E58-4AA6-BC23-621AD9A32B6A}.Debug|x64.Build.0 = Debug|x64
		{73D595FC-2E58-4AA6-BC23-621AD9A32B6A}.Debug|x86.ActiveCfg = Debug|Win32
		{73D595FC-2E58-4AA6-BC23-621AD9A32B6A}.Debug|x86.Build.0 = Debug|Win32
		{73D595FC-2E58-4AA6-BC23-621AD9A32B6A}.Release|x64.ActiveCfg = Release|x64
		{73D595FC-2E58-4AA6-BC23-621AD9A32B6A}.Release|x64.Build.0 = Release|x64
		{73D595FC-2E58-4AA6-BC23-621AD9A32B6A}.Release|x86.ActiveCfg = Release|Win32
		{73D595FC-2E58-4AA6-BC23-621AD9A32B6A}.Release|x86.Build.0 = Release|Win32
		{499305DE-4876-4B3E-A57A-4F239A91CFF8}.Debug|x64.ActiveCfg = Debug|x64
		{499305DE-4876-4B3E-A57A-4F239A91CFF8}.Debug|x64.Build.0 = Debug|x64
		{499305DE-4876-4B3E-A57A-4F239A91CFF8}.Debug|x86.ActiveCfg = Debug|Win32
		{499305DE-4876-4B3E-A57A-4F239A91CFF8}.Debug|x86.Build.0 = Debug|Win32
		{499305DE-4876-4B3E-A57A-4F239A91CFF8}.Release|x64.ActiveCfg = Release|x64
		{499305DE-4876-4B3E-A57A-4F239A91CFF8}.Release|x64.Build.0 = Release|x64
		{499305DE-4876-4B3E-A57A-4F239A91CFF8}.Release|x86.ActiveCfg = Release|Win32
		{499305DE-4876-4B3E-A57A-4F239A91CFF8}.Release|x86.Build.0 = Release|Win32
		{CEEB3E6C-07EF-4B08-ACCB-FC2FFEC256EA}.Debug|x64.ActiveCfg = Debug|x64
		{CEEB3E6C-07EF-4B08-ACCB-FC2FFEC256EA}.Debug|x64.Build.0 = Debug|x64
		{CEEB3E6C-07EF-4B08-ACCB-FC2FFEC256EA}.Debug|x86.ActiveCfg = Debug|Win32
		{CEEB3E6C-07EF-4B08-ACCB-FC2FFEC256EA}.Debug|x86.Build.0 = Debug|Win32
		{CEEB3E6C-07EF-4B08-ACCB-FC2FFEC256EA}.Release|x64.ActiveCfg = Release|x64
		{CEEB3E6C-07EF-4B08-ACCB-FC2FFEC256EA}.Release|x64.Build.0 = Release|x64
		{CEEB3E6C-07EF-4B08-ACCB-FC2FFEC256EA}.Release|x86.ActiveCfg = Release|Win32
		{CEEB3E6C-07EF-4B08-ACCB-FC2FFEC256EA}.Release|x86.Build.0 = Release|Win32
		{DC60CBB6-110A-4D0C-AD3A-A48C376C511A}.Debug|x64.ActiveCfg = Debug|x64
		{DC60CBB6-110A-4D0C-AD3A-A48C376C511A}.Debug|x64.Build.0 = Debug|x64
		{DC60CBB6-110A-4D0C-AD3A-A48C376C511A}.Debug|x86.ActiveCfg = Debug|Win32
		{DC60CBB6-110A-4D0C-AD3A-A48C376C511A}.Debug|x86.Build.0 = Debug|Win32
		{DC60CBB6-110A-4D0C-AD3A-A48C376C511A}.Release|x64.ActiveCfg = Release|x64
		{DC60CBB6-110A-4D0C-AD3A-A48C376C511A}.Release|x64.Build.0 = Release|x64
		{DC60CBB6-110A-4D0C-AD3A-A48C376C511A}.Release|x86.ActiveCfg = Release|Win32
		{DC60CBB6-110A-4D0C-AD3A-A48C376C511A}.Release|x86.Build.0 = Release|Win32
		{1F1E3F12-DFF2-437D-8A24-9EB7EB9A1333}.Debug|x64.ActiveCfg = Debug|x64
		{1F1E3F12-DFF2-437D-8A24-9EB7EB9A1333}.Debug|x64.Build.0 = Debug|x64
		{1F1E3F12-DFF2-437D-8A24-9EB7EB9A1333}.Debug|x86.ActiveCfg = Debug|Win32
		{1F1E3F12-DFF2-437D-8A24-9EB7EB9A1333}.Debug|x86.Build.0 = Debug|Win32
		{1F1E3F12-DFF2-437D-8A24-9EB7EB9A1333}.Release|x64.ActiveCfg = Release|x64
		{1F1E3F12-DFF2-437D-8A24-9EB7EB9A1333}.Release|x64.Build.0 = Release|x64
		{1F1E3F12-DFF2-437D-8A24-9EB7EB9A1333}.Release|x86.ActiveCfg = Release|Win32
		{1F1E3F12-DFF2-437D-8A24-9EB7EB9A1333}.Release|x86.Build.0 = Release|Win32
		{918714A0-A532-4C32-A6A4-035305FFA339}.Debug|x64.ActiveCfg = Debug|x64
		{918714A0-A532-4C32-A6A4-035305FFA339}.Debug|x64.Build.0 = Debug|x64
		{918714A0-A532-4C32-A6A4-035305FFA339}.Debug|x86.ActiveCfg = Debug|Win32
		{918714A0-A532-4C32-A6A4-035305FFA339}.Debug|x86.Build.0 = Debug|Win32
		{918714A0-A532-4C32-A6A4-035305FFA339}.Release|x64.ActiveCfg = Release|x64
		{918714A0-A532-4C32-A6A4-035305FFA339}.Release|x64.Build.0 = Release|x64
		{918714A0-A532-4C32-A6A4-035305FFA339}.Release|x86.ActiveCfg = Release|Win32
		{918714A0-A532-4C32-A6A4-035305FFA339}.Release|x86.Build.0 = Release|Win32
		{1894148E-BBDB-445B-804D-D66936EB0437}.Debug|x64.ActiveCfg = Debug|x64
		{1894148E-BBDB-445B-804D-D66936EB0437}.Debug|x64.Build.0 = Debug|x64
		{1894148E-BBDB-445B-804D-D66936EB0437}.Debug|x86.ActiveCfg = Debug|Win32
		{1894148E-BBDB-445B-804D-D66936EB0437}.Debug|x86.Build.0 = Debug|Win32
		{1894148E-BBDB-445B-804D-D66936EB0437}.Release|x64.ActiveCfg = Release|x64
		{1894148E-BBDB-445B-804D-D66936EB0437}.Release|x64.Build.0 = Release|x64
		{1894148E-BBDB-445B-804D-D66936EB0437}.Release|x86.ActiveCfg = Release|Win32
		{1894148E-BBDB-445B-804D-D66936EB0437}.Release|x86.Build.0 = Release|Win32
		{CEBC433A-9B65-4BC6-B79D-169BBAAA8287}.Debug|x64.ActiveCfg = Debug|x64
		{CEBC433A-9B65-4BC6-B79D-169BBAAA8287}.Debug|x64.Build.0 = Debug|x64
		{CEBC433A-9B65-4BC6-B79D-169BBAAA8287}.Debug|x86.ActiveCfg = Debug|Win32
		{CEBC433A-9B65-4BC6-B79D-169BBAAA8287}.Debug|x86.Build.0 = Debug|Win32
		{CEBC433A-9B65-4BC6-B79D-169BBAAA8287}.Release|x64.ActiveCfg = Release|x64
		{CEBC433A-9B65-4BC6-B79D-169BBAAA8287}.Release|x64.Build.0 = Release|x64
		{CEBC433A-9B65-4BC6-B79D-169BBAAA8287}.Release|x86.ActiveCfg = Release|Win32
		{CEBC433A-9B65-4BC6-B79D-169BBAAA8287}.Release|x86.Build.0 = Release|Win32
		{40EB8E01-1E10-426C-B02A-E716370328F5}.Debug|x64.ActiveCfg = Debug|x64
		{40EB8E01-1E10-426C-B02A-E716370328F5}.Debug|x64.Build.0 = Debug|x64
		{40EB8E01-1E10-426C-B02A-E716370328F5}.Debug|x86.ActiveCfg = Debug|Win32
		{40EB8E01-1E10-426C-B02A-E716370328F5}.Debug|x86.Build.0 = Debug|Win32
		{40EB8E01-1E10-426C-B02A-E716370328F5}.Release|x64.ActiveCfg = Release|x64
		{40EB8E01-1E10-426C-B02A-E716370328F5}.Release|x64.Build.0 = Release|x64
		{40EB8E01-1E10-426C-B02A-E716370328F5}.Release|x86.ActiveCfg = Release|Win32
		{40EB8E01-1E10-426C-B02A-E716370328F5}.Release|x86.Build.0 = Release|Win32
		{5D988CAD-CDB4-4765-9124-C15D13339079}.Debug|x64.ActiveCfg = Debug|x64
		{5D988CAD-CDB4-4765-9124-C15D13339079}.Debug|x64.Build.0 = Debug|x64
		{5D988CAD-CDB4-4765-9124-C15D13339079}.Debug|x86.ActiveCfg = Debug|Win32
		{5D988CAD-CDB4-4765-9124-C15D13339079}.Debug|x86.Build.0 = Debug|Win32
		{5D988CAD-CDB4-4765-9124-C15D13339079}.Release|x64.ActiveCfg = Release|x64
		{5D988CAD-CDB4-4765-9124-C15D13339079}.Release|x64.Build.0 = Release|x64
		{5D988CAD-CDB4-4765-9124-C15D13339079}.Release|x86.ActiveCfg = Release|Win32
		{5D988CAD-CDB4-4765-9124-C15D13339079}.Release|x86.Build.0 = Release|Win32
		{54D3565E-4B0D-480D-8B04-DFA2A29699BA}.Debug|x64.ActiveCfg = Debug|x64
		{54D3565E-4B0D-480D-8B04-DFA2A29699BA}.Debug|x64.Build.0 = Debug|x64
		{54D3565E-4B0D-480D-8B04-DFA2A29699BA}.Debug|x86.ActiveCfg = Debug|Win32
		{54D3565E-4B0D-480D-8B04-DFA2A29699BA}.Debug|x86.Build.0 = Debug|Win32
		{54D3565E-4B0D-480D-8B04-DFA2A29699BA}.Release|x64.ActiveCfg = Release|x64
		{54D3565E-4B0D-480D-8B04-DFA2A29699BA}.Release|x64.Build.0 = Release|x64
		{54D3565E-4B0D-480D-8B04-DFA2A29699BA}.Release|x86.ActiveCfg = Release|Win32
		{54D3565E-4B0D-480D-8B04-DFA2A29699BA}.Release|x86.Build.0 = Release|Win32
		{7DECDC90-0624-4F68-A75B-E88E71642A0A}.Debug|x64.ActiveCfg = Debug|x64
		{7DECDC90-0624-4F68-A75B-E88E71642A0A}.Debug|x64.Build.0 = Debug|x64
		{7DECDC90-0624-4F68-A75B-E88E71642A0A}.Debug|x86.ActiveCfg = Debug|Win32
		{7DECDC90-0624-4F68-A75B-E88E71642A0A}.Debug|x86.Build.0 = Debug|Win32
		{7DECDC90-0624-4F68-A75B-E88E71642A0A}.Release|x64.ActiveCfg = Release|x64
		{7DECDC90-0624-4F68-A75B-E88E71642A0A}.Release|x64.Build.0 = Release|x64
		{7DECDC90-0624-4F68-A75B-E88E71642A0A}.Release|x86.ActiveCfg = Release|Win32
		{7DECDC90-0624-4F68-A75B-E88E71642A0A}.Release|x86.Build.0 = Release|Win32
		{3A36D69F-3DEF-4CCA-8AFB-B0924D5EAD5C}.Debug|x64.ActiveCfg = Debug|x64
		{3A36D69F-3DEF-4CCA-8AFB-B0924D5EAD5C}.Debug|x64.Build.0 = Debug|x64
		{3A36D69F-3DEF-4CCA-8AFB-B0924D5EAD5C}.Debug|x86.ActiveCfg = Debug|Win32
		{3A36D69F-3DEF-4CCA-8AFB-B0924D5EAD5C}.Debug|x86.Build.0 = Debug|Win32
		{3A36D69F-3DEF-4CCA-8AFB-B0924D5EAD5C}.Release|x64.ActiveCfg = Release|x64
		{3A36D69F-3DEF-4CCA-8AFB-B0924D5EAD5C}.Release|x64.Build.0 = Release|x64
		{3A36D69F-3DEF-4CCA-8AFB-B0924D5EAD5C}.Release|x86.ActiveCfg = Release|Win32
		{3A36D69F-3DEF-4CCA-8AFB-B0924D5EAD5C}.Release|x86.Build.0 = Release|Win32
		{9BF168F2-20E9-45F8-80D4-D9C5A15FE221}.Debug|x64.ActiveCfg = Debug|x64
		{9BF168F2-20E9-45F8-80D4-D9C5A15FE221}.Debug|x64.Build.0 = Debug|x64
		{9BF168F2-20E9-45F8-80D4-D9C5A15FE221}.Debug|x86.ActiveCfg = Debug|Win32
		{9BF168F2-20E9-45F8-80D4-D9C5A15FE221}.Debug|x86.Build.0 = Debug|Win32
		{9BF168F2-20E9-45F8-80D4-D9C5A15FE221}.Release|x64.ActiveCfg = Release|x64
		{9BF168F2-20E9-45F8-80D4-D9C5A15FE221}.Release|x64.Build.0 = Release|x64
		{9BF168F2-20E9-45F8-80D4-D9C5A15FE221}.Release|x86.ActiveCfg = Release|Win32
		{9BF168F2-20E9-45F8-80D4-D9C5A15FE221}.Release|x86.Build.0 = Release|Win32
		{DF268A55-887A-44FC-8555-54847F6B3737}.Debug|x64.ActiveCfg = Debug|x64
		{DF268A55-887A-44FC-8555-54847F6B3737}.Debug|x64.Build.0 = Debug|x64
		{DF268A55-887A-44FC-8555-54847F6B3737}.Debug|x86.ActiveCfg = Debug|Win32
		{DF268A55-887A-44FC-8555-54847F6B3737}.Debug|x86.Build.0 = Debug|Win32
		{DF268A55-887A-44FC-8555-54847F6B3737}.Release|x64.ActiveCfg = Release|x64
		{DF268A55-887A-44FC-8555-54847F6B3737}.Release|x64.Build.0 = Release|x64
		{DF268A55-887A-44FC-8555-54847F6B3737}.Release|x86.ActiveCfg = Release|Win32
		{DF268A55-887A-44FC-8555-54847F6B3737}.Release|x86.Build.0 = Release|Win32
		{7E4D8390-3B80-4EEF-861B-4E374CB0F09A}.Debug|x64.ActiveCfg = Debug|x64
		{7E4D8390-3B80-4EEF-861B-4E374CB0F09A}.Debug|x64.Build.0 = Debug|x64
		{7E4D8390-3B80-4EEF-861B-4E374CB0F09A}.Debug|x86.ActiveCfg = Debug|Win32
		{7E4D8390-3B80-4EEF-861B-4E374CB0F09A}.Debug|x86.Build.0 = Debug|Win32
		{7E4D8390-3B80-4EEF-861B-4E374CB0F09A}.Release|x64.ActiveCfg = Release|x64
		{7E4D8390-3B80-4EEF-861B-4E374CB0F09A}.Release|x64.Build.0 = Release|x64
		{7E4D8390-3B80-4EEF-861B-4E374CB0F09A}.Release|x86.ActiveCfg = Release|Win32
		{7E4D8390-3B80-4EEF-861B-4E374CB0F09A}.Release|x86.Build.0 = Release|Win32
		{2EF85138-AE3E-484A-87CD-23117D648AE9}.Debug|x64.ActiveCfg = Debug|x64
		{2EF85138-AE3E-484A-87CD-23117D648AE9}.Debug|x64.Build.0 = Debug|x64
		{2EF85138-AE3E-484A-87CD-23117D648AE9}.Debug|x86.ActiveCfg = Debug|Win32
		{2EF85138-AE3E-484A-87CD-23117D648AE9}.Debug|x86.Build.0 = Debug|Win32
		{2EF85138-AE3E-484A-87CD-23117D648AE9}.Release|x64.ActiveCfg = Release|x64
		{2EF85138-AE3E-484A-87CD-23117D648AE9}.Release|x64.Build.0 = Release|x64
		{2EF85138-AE3E-484A-87CD-23117D648AE9}.Release|x86.ActiveCfg = Release|Win32
		{2EF85138-AE3E-484A-87CD-23117D648AE9}.Release|x86.Build.0 = Release|Win32
		{C85D079F-F32D-49C7-8B7C-297834D0EB80}.Debug|x64.ActiveCfg = Debug|x64
		{C85D079F-F32D-49C7-8B7C-297834D0EB80}.Debug|x64.Build.0 = Debug|x64
		{C85D079F-F32D-49C7-8B7C-297834D0EB80}.Debug|x86.ActiveCfg = Debug|Win32
		{C85D079F-F32D-49C7-8B7C-297834D0EB80}.Debug|x86.Build.0 = Debug|Win32
		{C85D079F-F32D-49C7-8B7C-297834D0EB80}.Release|x64.ActiveCfg = Release|x64
		{C85D079F-F32D-49C7-8B7C-297834D0EB80}.Release|x64.Build.0 = Release|x64
		{C85D079F-F32D-49C7-8B7C-297834D0EB80}.Release|x86.ActiveCfg = Release|Win32
		{C85D079F-F32D-49C7-8B7C-297834D0EB80}.Release|x86.Build.0 = Release|Win32
		{A9C79D9D-3DC6-46B6-931E-022A7A383B08}.Debug|x64.ActiveCfg = Debug|x64
		{A9C79D9D-3DC6-46B6-931E-022A7A383B08}.Debug|x64.Build.0 = Debug|x64
		{A9C79D9D-3DC6-46B6-931E-022A7A383B08}.Debug|x86.ActiveCfg = Debug|Win32
		{A9C79D9D-3DC6-46B6-931E-022A7A383B08}.Debug|x86.Build.0 = Debug|Win32
		{A9C79D9D-3DC6-46B6-931E-022A7A383B08}.Release|x64.ActiveCfg = Release|x64
		{A9C79D9D-3DC6-46B6-931E-022A7A383B08}.Release|x64.Build.0 = Release|x64
		{A9C79D9D-3DC6-46B6-931E-022A7A383B08}.Release|x86.ActiveCfg = Release|Win32
		{A9C79D9D-3DC6-46B6-931E-022A7A383B08}.Release|x86.Build.0 = Release|Win32
		{41FBCFEA-138E-4CAB-80B6-0A3E7797A3B2}.Debug|x64.ActiveCfg = Debug|x64
		{41FBCFEA-138E-4CAB-80B6-0A3E7797A3B2}.Debug|x64.Build.0 = Debug|x64
		{41FBCFEA-138E-4CAB-80B6-0A3E7797A3B2}.Debug|x86.ActiveCfg = Debug|Win32
		{41FBCFEA-138E-4CAB-80B6-0A3E7797A3B2}.Debug|x86.Build.0 = Debug|Win32
		{41FBCFEA-138E-4CAB-80B6-0A3E7797A3B2}.Release|x64.ActiveCfg = Release|x64
		{41FBCFEA-138E-4CAB-80B6-0A3E7797A3B2}.Release|x64.Build.0 = Release|x64
		{41FBCFEA-138E-4CAB-80B6-0A3E7797A3B2}.Release|x86.ActiveCfg = Release|Win32
		{41FBCFEA-138E-4CAB-80B6-0A3E7797A3B2}.Release|x86.Build.0 = Release|Win32
		{A4111E8C-EBE1-48E8-BB6B-D6D9962462A0}.Debug|x64.ActiveCfg = Debug|x64
		{A4111E8C-EBE1-48E8-BB6B-D6D9962462A0}.Debug|x64.Build.0 = Debug|x64
		{A4111E8C-EBE1-48E8-BB6B-D6D9962462A0}.Debug|x86.ActiveCfg = Debug|Win32
		{A4111E8C-EBE1-48E8-BB6B-D6D9962462A0}.Debug|x86.Build.0 = Debug|Win32
		{A4111E8C-EBE1-48E8-BB6B-D6D9962462A0}.Release|x64.ActiveCfg = Release|x64
		{A4111E8C-EBE1-48E8-BB6B-D6D9962462A0}.Release|x64.Build.0 = Release|x64
		{A4111E8C-EBE1-48E8-BB6B-D6D9962462A0}.Release|x86.ActiveCfg = Release|Win32
		{A4111E8C-EBE1-48E8-BB6B-D6D9962462A0}.Release|x86.Build.0 = Release|Win32
		{AA32ACF4-DE3F-4E22-B03F-E439EFF5E3E4}.Debug|x64.ActiveCfg = Debug|x64
		{AA32ACF4-DE3F-4E22-B03F-E439EFF5E3E4}.Debug|x64.Build.0 = Debug|x64
		{AA32ACF4-DE3F-4E22-B03F-E439EFF5E3E4}.Debug|x86.ActiveCfg = Debug|Win32
		{AA32ACF4-DE3F-4E22-B03F-E439EFF5E3E4}.Debug|x86.Build.0 = Debug|Win32
		{AA32ACF4-DE3F-4E22-B03F-E439EFF5E3E4}.Release|x64.ActiveCfg = Release|x64
		{AA32ACF4-DE3F-4E22-B03F-E439EFF5E3E4}.Release|x64.Build.0 = Release|x64
		{AA32ACF4-DE3F-4E22-B03F-E439EFF5E3E4}.Release|x86.ActiveCfg = Release|Win32
		{AA32ACF4-DE3F-4E22-B03F-E439EFF5E3E4}.Release|x86.Build.0 = Release|Win32
		{05E1F983-D068-40FE-9A88-91B5FE4C9EB9}.Debug|x64.ActiveCfg = Debug|x64
		{05E1F983-D068-40FE-9A88-91B5FE4C9EB9}.Debug|x64.Build.0 = Debug|x64
		{05E1F983-D068-40FE-9A88-91B5FE4C9EB9}.Debug|x86.ActiveCfg = Debug|Win32
		{05E1F983-D068-40FE-9A88-91B5FE4C9EB9}.Debug|x86.Build.0 = Debug|Win32
		{05E1F983-D068-40FE-9A88-91B5FE4C9EB9}.Release|x64.ActiveCfg = Release|x64
		{05E1F983-D068-40FE-9A88-91B5FE4C9EB9}.Release|x64.Build.0 = Release|x64
		{05E1F983-D068-40FE-9A88-91B5FE4C9EB9}.Release|x86.ActiveCfg = Release|Win32
		{05E1F983-D068-40FE-9A88-91B5FE4C9EB9}.Release|x86.Build.0 = Release|Win32
		{2F62F1F5-40F8-4DB2-A709-286FA74E36BB}.Debug|x64.ActiveCfg = Debug|x64
		{2F62F1F5-40F8-4DB2-A709-286FA74E36BB}.Debug|x64.Build.0 = Debug|x64
		{2F62F1F5-40F8-4DB2-A709-286FA74E36BB}.Debug|x86.ActiveCfg = Debug|Win32
		{2F62F1F5-40F8-4DB2-A709-286FA74E36BB}.Debug|x86.Build.0 = Debug|Win32
		{2F62F1F5-40F8-4DB2-A709-286FA74E36BB}.Release|x64.ActiveCfg = Release|x64
		{2F62F1F5-40F8-4DB2-A709-286FA74E36BB}.Release|x64.Build.0 = Release|x64
		{2F62F1F5-40F8-4DB2-A709-286FA74E36BB}.Release|x86.ActiveCfg = Release|Win32
		{2F62F1F5-40F8-4DB2-A709-286FA74E36BB}.Release|x86.Build.0 = Release|Win32
		{0F7A40D4-1107-45C9-B219-03CE6B88ED07}.Debug|x64.ActiveCfg = Debug|x64
		{0F7A40D4-1107-45C9-B219-03CE6B88ED07}.Debug|x64.Build.0 = Debug|x64
		{0F7A40D4-1107-45C9-B219-03CE6B88ED07}.Debug|x86.ActiveCfg = Debug|Win32
		{0F7A40D4-1107-45C9-B219-03CE6B88ED07}.Debug|x86.Build.0 = Debug|Win32
		{0F7A40D4-1107-45C9-B219-03CE6B88ED07}.Release|x64.ActiveCfg = Release|x64
		{0F7A40D4-1107-45C9-B219-03CE6B88ED07}.Release|x64.Build.0 = Release|x64
		{0F7A40D4-1107-45C9-B219-03CE6B88ED07}.Release|x86.ActiveCfg = Release|Win32
		{0F7A40D4-1107-45C9-B219-03CE6B88ED07}.Release|x86.Build.0 = Release|Win32
		{D78FFD53-8186-475A-A9FE-4606E283A06B}.Debug|x64.ActiveCfg = Debug|x64
		{D78FFD53-8186-475A-A9FE-4606E283A06B}.Debug|x64.Build.0 = Debug|x64
		{D78FFD53-8186-475A-A9FE-4606E283A06B}.Debug|x86.ActiveCfg = Debug|Win32
		{D78FFD53-8186-475A-A9FE-4606E283A06B}.Debug|x86.Build.0 = Debug|Win32
		{D78FFD53-8186-475A-A9FE-4606E283A06B}.Release|x64.ActiveCfg = Release|x64
		{D78FFD53-8186-475A-A9FE-4606E283A06B}.Release|x64.Build.0 = Release|x64
		{D78FFD53-8186-475A-A9FE-4606E283A06B}.Release|x86.ActiveCfg = Release|Win32
		{D78FFD53-8186-475A-A9FE-4606E283A06B}.Release|x86.Build.0 = Release|Win32
		{0452B887-74D0-4888-8004-D6E6572CF94C}.Debug|x64.ActiveCfg = Debug|x64
		{0452B887-74D0-4888-8004-D6E6572CF94C}.Debug|x64.Build.0 = Debug|x64
		{0452B887-74D0-4888-8004-D6E6572CF94C}.Debug|x86.ActiveCfg = Debug|Win32
		{0452B887-74D0-4888-8004-D6E6572CF94C}.Debug|x86.Build.0 = Debug|Win32
		{0452B887-74D0-4888-8004-D6E6572CF94C}.Release|x64.ActiveCfg = Release|x64
		{0452B887-74D0-4888-8004-D6E6572CF94C}.Release|x64.Build.0 = Release|x64
		{0452B887-74D0-4888-8004-D6E6572CF94C}.Release|x86.ActiveCfg = Release|Win32
		{0452B887-74D0-4888-8004-D6E6572CF94C}.Release|x86.Build.0 = Release|Win32
		{5DB6A163-DF89-42CE-AA4C-6C2E429A1FD1}.Debug|x64.ActiveCfg = Debug|x64
		{5DB6A163-DF89-42CE-AA4C-6C2E429A1FD1}.Debug|x64.Build.0 = Debug|x64
		{5DB6A163-DF89-42CE-AA4C-6C2E429A1FD1}.Debug|x86.ActiveCfg = Debug|Win32
		{5DB6A163-DF89-42CE-AA4C-6C2E429A1FD1}.Debug|x86.Build.0 = Debug|Win32
		{5DB6A163-DF89-42CE-AA4C-6C2E429A1FD1}.Release|x64.ActiveCfg = Release|x64
		{5DB6A163-DF89-42CE-AA4C-6C2E429A1FD1}.Release|x64.Build.0 = Release|x64
		{5DB6A163-DF89-42CE-AA4C-6C2E429A1FD1}.Release|x86.ActiveCfg = Release|Win32
		{5DB6A163-DF89-42CE-AA4C-6C2E429A1FD1}.Release|x86.Build.0 = Release|Win32
		{9E32068D-88E0-4851-8607-1A7C377EF30B}.Debug|x64.ActiveCfg = Debug|x64
		{9E32068D-88E0-4851-8607-1A7C377EF30B}.Debug|x64.Build.0 = Debug|x64
		{9E32068D-88E0-4851-8607-1A7C377EF30B}.Debug|x86.ActiveCfg = Debug|Win32
		{9E32068D-88E0-4851-8607-1A7C377EF30B}.Debug|x86.Build.0 = Debug|Win32
		{9E32068D-88E0-4851-8607-1A7C377EF30B}.Release|x64.ActiveCfg = Release|x64
		{9E32068D-88E0-4851-8607-1A7C377EF30B}.Release|x64.Build.0 = Release|x64
		{9E32068D-88E0-4851-8607-1A7C377EF30B}.Release|x86.ActiveCfg = Release|Win32
		{9E32068D-88E0-4851-8607-1A7C377EF30B}.Release|x86.Build.0 = Release|Win32
		{73F4D44F-408F-424B-B89B-E7B3A12E5CC2}.Debug|x64.ActiveCfg = Debug|x64
		{73F4D44F-408F-424B-B89B-E7B3A12E5CC2}.Debug|x64.Build.0 = Debug|x64
		{73F4D44F-408F-424B-B89B-E7B3A12E5CC2}.Debug|x86.ActiveCfg = Debug|Win32
		{73F4D44F-408F-424B-B89B-E7B3A12E5CC2}.Debug|x86.Build.0 = Debug|Win32
		{73F4D44F-408F-424B-B89B-E7B3A12E5CC2}.Release|x64.ActiveCfg = Release|x64
		{73F4D44F-408F-424B-B89B-E7B3A12E5CC2}.Release|x64.Build.0 = Release|x64
		{73F4D44F-408F-424B-B89B-E7B3A12E5CC2}.Release|x86.ActiveCfg = Release|Win32
		{73F4D44F-408F-424B-B89B-E7B3A12E5CC2}.Release|x86.Build.0 = Release|Win32
		{010E3D74-2B35-4036-A94F-5C49134168AD}.Debug|x64.ActiveCfg = Debug|x64
		{010E3D74-2B35-4036-A94F-5C49134168AD}.Debug|x64.Build.0 = Debug|x64
		{010E3D74-2B35-4036-A94F-5C49134168AD}.Debug|x86.ActiveCfg = Debug|Win32
		{010E3D74-2B35-4036-A94F-5C49134168AD}.Debug|x86.Build.0 = Debug|Win32
		{010E3D74-2B35-4036-A94F-5C49134168AD}.Release|x64.ActiveCfg = Release|x64
		{010E3D74-2B35-4036-A94F-5C49134168AD}.Release|x64.Build.0 = Release|x64
		{010E3D74-2B35-4036-A94F-5C49134168AD}.Release|x86.ActiveCfg = Release|Win32
		{010E3D74-2B35-4036-A94F-5C49134168AD}.Release|x86.Build.0 = Release|Win32
		{32A6B314-39E5-4D28-B324-F930B926F8C9}.Debug|x64.ActiveCfg = Debug|x64
		{32A6B314-39E5-4D28-B324-F930B926F8C9}.Debug|x64.Build.0 = Debug|x64
		{32A6B314-39E5-4D28-B324-F930B926F8C9}.Debug|x86.ActiveCfg = Debug|Win32
		{32A6B314-39E5-4D28-B324-F930B926F8C9}.Debug|x86.Build.0 = Debug|Win32
		{32A6B314-39E5-4D28-B324-F930B926F8C9}.Release|x64.ActiveCfg = Release|x64
		{32A6B314-39E5-4D28-B324-F930B926F8C9}.Release|x64.Build.0 = Release|x64
		{32A6B314-39E5-4D28-B324-F930B926F8C9}.Release|x86.ActiveCfg = Release|Win32
		{32A6B314-39E5-4D28-B324-F930B926F8C9}.Release|x86.Build.0 = Release|Win32
		{28B87B65-065C-4582-B956-9F1C5AEC0B28}.Debug|x64.ActiveCfg = Debug|x64
		{28B87B65-065C-4582-B956-9F1C5AEC0B28}.Debug|x64.Build.0 = Debug|x64
		{28B87B65-065C-4582-B956-9F1C5AEC0B28}.Debug|x86.ActiveCfg = Debug|Win32
		{28B87B65-065C-4582-B956-9F1C5AEC0B28}.Debug|x86.Build.0 = Debug|Win32
		{28B87B65-065C-4582-B956-9F1C5AEC0B28}.Release|x64.ActiveCfg = Release|x64
		{28B87B65-065C-4582-B956-9F1C5AEC0B28}.Release|x64.Build.0 = Release|x64
		{28B87B65-065C-4582-B956-9F1C5AEC0B28}.Release|x86.ActiveCfg = Release|Win32
		{28B87B65-065C-4582-B956-9F1C5AEC0B28}.Release|x86.Build.0 = Release|Win32
		{34B4ABA0-4D50-499D-AB4E-6EE21E88DFC8}.Debug|x64.ActiveCfg = Debug|x64
		{34B4ABA0-4D50-499D-AB4E-6EE21E88DFC8}.Debug|x64.Build.0 = Debug|x64
		{34B4ABA0-4D50-499D-AB4E-6EE21E88DFC8}.Debug|x86.ActiveCfg = Debug|Win32
		{34B4ABA0-4D50-499D-AB4E-6EE21E88DFC8}.Debug|x86.Build.0 = Debug|Win32
		{34B4ABA0-4D50-499D-AB4E-6EE21E88DFC8}.Release|x64.ActiveCfg = Release|x64
		{34B4ABA0-4D50-499D-AB4E-6EE21E88DFC8}.Release|x64.Build.0 = Release|x64
		{34B4ABA0-4D50-499D-AB4E-6EE21E88DFC8}.Release|x86.ActiveCfg = Release|Win32
		{34B4ABA0-4D50-499D-AB4E-6EE21E88DFC8}.Release|x86.Build.0 = Release|Win32
		{0E8AB9E2-3176-48CD-991D-328879F9D338}.Debug|x64.ActiveCfg = Debug|x64
		{0E8AB9E2-3176-48CD-991D-328879F9D338}.Debug|x64.Build.0 = Debug|x64
		{0E8AB9E2-3176-48CD-991D-328879F9D338}.Debug|x86.ActiveCfg = Debug|Win32
		{0E8AB9E2-3176-48CD-991D-328879F9D338}.Debug|x86.Build.0 = Debug|Win32
		{0E8AB9E2-3176-48CD-991D-328879F9D338}.Release|x64.ActiveCfg = Release|x64
		{0E8AB9E2-3176-48CD-991D-328879F9D338}.Release|x64.Build.0 = Release|x64
		{0E8AB9E2-3176-48CD-991D-328879F9D338}.Release|x86.ActiveCfg = Release|Win32
		{0E8AB9E2-3176-48CD-991D-328879F9D338}.Release|x86.Build.0 = Release|Win32
		{8A2F3B46-82D5-464C-8A17-04CB6D391E2A}.Debug|x64.ActiveCfg = Debug|x64
		{8A2F3B46-82D5-464C-8A17-04CB6D391E2A}.Debug|x64.Build.0 = Debug|x64
		{8A2F3B46-82D5-464C-8A17-04CB6D391E2A}.Debug|x86.ActiveCfg = Debug|Win32
		{8A2F3B46-82D5-464C-8A17-04CB6D391E2A}.Debug|x86.Build.0 = Debug|Win32
		{8A2F3B46-82D5-464C-8A17-04CB6D391E2A}.Release|x64.ActiveCfg = Release|x64
		{8A2F3B46-82D5-464C-8A17-04CB6D391E2A}.Release|x64.Build.0 = Release|x64
		{8A2F3B46-82D5-464C-8A17-04CB6D391E2A}.Release|x86.ActiveCfg = Release|Win32
		{8A2F3B46-82D5-464C-8A17-04CB6D391E2A}.Release|x86.Build.0 = Release|Win32
		{DA04D8BD-6829-4C09-9688-B340CEF458E0}.Debug|x64.ActiveCfg = Debug|x64
		{DA04D8BD-6829-4C09-9688-B340CEF458E0}.Debug|x64.Build.0 = Debug|x64
		{DA04D8BD-6829-4C09-9688-B340CEF458E0}.Debug|x86.ActiveCfg = Debug|Win32
		{DA04D8BD-6829-4C09-9688-B340CEF458E0}.Debug|x86.Build.0 = Debug|Win32
		{DA04D8BD-6829-4C09-9688-B340CEF458E0}.Release|x64.ActiveCfg = Release|x64
		{DA04D8BD-6829-4C09-9688-B340CEF458E0}.Release|x64.Build.0 = Release|x64
		{DA04D8BD-6829-4C09-9688-B340CEF458E0}.Release|x86.ActiveCfg = Release|Win32
		{DA04D8BD-6829-4C09-9688-B340CEF458E0}.Release|x86.Build.0 = Release|Win32
		{E7E5C901-21F6-4FAF-9CE8-D879B286B374}.Debug|x64.ActiveCfg = Debug|x64
		{E7E5C901-21F6-4FAF-9CE8-D879B286B374}.Debug|x64.Build.0 = Debug|x64
		{E7E5C901-21F6-4FAF-9CE8-D879B286B374}.Debug|x86.ActiveCfg = Debug|Win32
		{E7E5C901-21F6-4FAF-9CE8-D879B286B374}.Debug|x86.Build.0 = Debug|Win32
		{E7E5C901-21F6-4FAF-9CE8-D879B286B374}.Release|x64.ActiveCfg = Release|x64
		{E7E5C901-21F6-4FAF-9CE8-D879B286B374}.Release|x64.Build.0 = Release|x64
		{E7E5C901-21F6-4FAF-9CE8-D879B286B374}.Release|x86.ActiveCfg = Release|Win32
		{E7E5C901-21F6-4FAF-9CE8-D879B286B374}.Release|x86.Build.0 = Release|Win32
		{6E87084A-DC19-4463-B6A3-084630E99BC1}.Debug|x64.ActiveCfg = Debug|x64
		{6E87084A-DC19-4463-B6A3-084630E99BC1}.Debug|x64.Build.0 = Debug|x64
		{6E87084A-DC19-4463-B6A3-084630E99BC1}.Debug|x86.ActiveCfg = Debug|Win32
		{6E87084A-DC19-4463-B6A3-084630E99BC1}.Debug|x86.Build.0 = Debug|Win32
		{6E87084A-DC19-4463-B6A3-084630E99BC1}.Release|x64.ActiveCfg = Release|x64
		{6E87084A-DC19-4463-B6A3-084630E99BC1}.Release|x64.Build.0 = Release|x64
		{6E87084A-DC19-4463-B6A3-084630E99BC1}.Release|x86.ActiveCfg = Release|Win32
		{6E87084A-DC19-4463-B6A3-084630E99BC1}.Release|x86.Build.0 = Release|Win32
		{8170EEFB-7A23-4616-B8A3-324277F073CE}.Debug|x64.ActiveCfg = Debug|x64
		{8170EEFB-7A23-4616-B8A3-324277F073CE}.Debug|x64.Build.0 = Debug|x64
		{8170EEFB-7A23-4616-B8A3-324277F073CE}.Debug|x86.ActiveCfg = Debug|Win32
		{8170EEFB-7A23-4616-B8A3-324277F073CE}.Debug|x86.Build.0 = Debug|Win32
		{8170EEFB-7A23-4616-B8A3-324277F073CE}.Release|x64.ActiveCfg = Release|x64
		{8170EEFB-7A23-4616-B8A3-324277F073CE}.Release|x64.Build.0 = Release|x64
		{8170EEFB-7A23-4616-B8A3-324277F073CE}.Release|x86.ActiveCfg = Release|Win32
		{8170EEFB-7A23-4616-B8A3-324277F073CE}.Release|x86.Build.0 = Release|Win32
	EndGlobalSection
	GlobalSection(SolutionProperties) = preSolution
		HideSolutionNode = FALSE
	EndGlobalSection
	GlobalSection(ExtensibilityGlobals) = postSolution
		SolutionGuid = {800D4BBD-F663-4022-A1A0-3625C2582CA9}
	EndGlobalSection
EndGlobal
