
Microsoft Visual Studio Solution File, Format Version 12.00
# Visual Studio 14
VisualStudioVersion = 14.0.25420.1
MinimumVisualStudioVersion = 10.0.40219.1
Project("{8BC9CEB8-8B4A-11D0-8D11-00A0C91BC942}") = "NO.0 Test", "NO.0 Test\NO.0 Test.vcxproj", "{7B70B710-74CC-4D59-886E-16DCC50D16AF}"
EndProject
Project("{8BC9CEB8-8B4A-11D0-8D11-00A0C91BC942}") = "NO.1 Two Sum", "NO.1 Two Sum\NO.1 Two Sum.vcxproj", "{937543A2-5062-4072-BDCB-0AE4F8C0124E}"
EndProject
Project("{8BC9CEB8-8B4A-11D0-8D11-00A0C91BC942}") = "NO.2 Add Two Numbers", "NO.2 Add Two Numbers\NO.2 Add Two Numbers.vcxproj", "{19B932D0-231D-4013-9C93-DE6FD4274E38}"
EndProject
Project("{8BC9CEB8-8B4A-11D0-8D11-00A0C91BC942}") = "NO.760 Find Anagram Mappings", "NO.760 Find Anagram Mappings\NO.760 Find Anagram Mappings.vcxproj", "{EB443F63-00D5-47C0-82AC-4BE5E4C3C041}"
EndProject
Project("{8BC9CEB8-8B4A-11D0-8D11-00A0C91BC942}") = "NO.728 Self Dividing Numbers", "NO.728 Self Dividing Numbers\NO.728 Self Dividing Numbers.vcxproj", "{6545C4C1-9A4E-4873-8BEC-9BB18AF7F6B5}"
EndProject
Project("{8BC9CEB8-8B4A-11D0-8D11-00A0C91BC942}") = "NO.461 Hamming Distance", "NO.461 Hamming Distance\NO.461 Hamming Distance.vcxproj", "{A9259CF8-DEC8-48D3-A75B-E4DDA85F6192}"
EndProject
Project("{8BC9CEB8-8B4A-11D0-8D11-00A0C91BC942}") = "NO.657 Judge Route Circle", "NO.657 Judge Route Circle\NO.657 Judge Route Circle.vcxproj", "{73D595FC-2E58-4AA6-BC23-621AD9A32B6A}"
EndProject
Project("{8BC9CEB8-8B4A-11D0-8D11-00A0C91BC942}") = "NO.617 Merge Two Binary Trees", "NO.617 Merge Two Binary Trees\NO.617 Merge Two Binary Trees.vcxproj", "{499305DE-4876-4B3E-A57A-4F239A91CFF8}"
EndProject
Project("{8BC9CEB8-8B4A-11D0-8D11-00A0C91BC942}") = "NO.344 Reverse String", "NO.344 Reverse String\NO.344 Reverse String.vcxproj", "{CEEB3E6C-07EF-4B08-ACCB-FC2FFEC256EA}"
EndProject
Global
	GlobalSection(SolutionConfigurationPlatforms) = preSolution
		Debug|x64 = Debug|x64
		Debug|x86 = Debug|x86
		Release|x64 = Release|x64
		Release|x86 = Release|x86
	EndGlobalSection
	GlobalSection(ProjectConfigurationPlatforms) = postSolution
		{7B70B710-74CC-4D59-886E-16DCC50D16AF}.Debug|x64.ActiveCfg = Debug|x64
		{7B70B710-74CC-4D59-886E-16DCC50D16AF}.Debug|x64.Build.0 = Debug|x64
		{7B70B710-74CC-4D59-886E-16DCC50D16AF}.Debug|x86.ActiveCfg = Debug|Win32
		{7B70B710-74CC-4D59-886E-16DCC50D16AF}.Debug|x86.Build.0 = Debug|Win32
		{7B70B710-74CC-4D59-886E-16DCC50D16AF}.Release|x64.ActiveCfg = Release|x64
		{7B70B710-74CC-4D59-886E-16DCC50D16AF}.Release|x64.Build.0 = Release|x64
		{7B70B710-74CC-4D59-886E-16DCC50D16AF}.Release|x86.ActiveCfg = Release|Win32
		{7B70B710-74CC-4D59-886E-16DCC50D16AF}.Release|x86.Build.0 = Release|Win32
		{937543A2-5062-4072-BDCB-0AE4F8C0124E}.Debug|x64.ActiveCfg = Debug|x64
		{937543A2-5062-4072-BDCB-0AE4F8C0124E}.Debug|x64.Build.0 = Debug|x64
		{937543A2-5062-4072-BDCB-0AE4F8C0124E}.Debug|x86.ActiveCfg = Debug|Win32
		{937543A2-5062-4072-BDCB-0AE4F8C0124E}.Debug|x86.Build.0 = Debug|Win32
		{937543A2-5062-4072-BDCB-0AE4F8C0124E}.Release|x64.ActiveCfg = Release|x64
		{937543A2-5062-4072-BDCB-0AE4F8C0124E}.Release|x64.Build.0 = Release|x64
		{937543A2-5062-4072-BDCB-0AE4F8C0124E}.Release|x86.ActiveCfg = Release|Win32
		{937543A2-5062-4072-BDCB-0AE4F8C0124E}.Release|x86.Build.0 = Release|Win32
		{19B932D0-231D-4013-9C93-DE6FD4274E38}.Debug|x64.ActiveCfg = Debug|x64
		{19B932D0-231D-4013-9C93-DE6FD4274E38}.Debug|x64.Build.0 = Debug|x64
		{19B932D0-231D-4013-9C93-DE6FD4274E38}.Debug|x86.ActiveCfg = Debug|Win32
		{19B932D0-231D-4013-9C93-DE6FD4274E38}.Debug|x86.Build.0 = Debug|Win32
		{19B932D0-231D-4013-9C93-DE6FD4274E38}.Release|x64.ActiveCfg = Release|x64
		{19B932D0-231D-4013-9C93-DE6FD4274E38}.Release|x64.Build.0 = Release|x64
		{19B932D0-231D-4013-9C93-DE6FD4274E38}.Release|x86.ActiveCfg = Release|Win32
		{19B932D0-231D-4013-9C93-DE6FD4274E38}.Release|x86.Build.0 = Release|Win32
		{EB443F63-00D5-47C0-82AC-4BE5E4C3C041}.Debug|x64.ActiveCfg = Debug|x64
		{EB443F63-00D5-47C0-82AC-4BE5E4C3C041}.Debug|x64.Build.0 = Debug|x64
		{EB443F63-00D5-47C0-82AC-4BE5E4C3C041}.Debug|x86.ActiveCfg = Debug|Win32
		{EB443F63-00D5-47C0-82AC-4BE5E4C3C041}.Debug|x86.Build.0 = Debug|Win32
		{EB443F63-00D5-47C0-82AC-4BE5E4C3C041}.Release|x64.ActiveCfg = Release|x64
		{EB443F63-00D5-47C0-82AC-4BE5E4C3C041}.Release|x64.Build.0 = Release|x64
		{EB443F63-00D5-47C0-82AC-4BE5E4C3C041}.Release|x86.ActiveCfg = Release|Win32
		{EB443F63-00D5-47C0-82AC-4BE5E4C3C041}.Release|x86.Build.0 = Release|Win32
		{6545C4C1-9A4E-4873-8BEC-9BB18AF7F6B5}.Debug|x64.ActiveCfg = Debug|x64
		{6545C4C1-9A4E-4873-8BEC-9BB18AF7F6B5}.Debug|x64.Build.0 = Debug|x64
		{6545C4C1-9A4E-4873-8BEC-9BB18AF7F6B5}.Debug|x86.ActiveCfg = Debug|Win32
		{6545C4C1-9A4E-4873-8BEC-9BB18AF7F6B5}.Debug|x86.Build.0 = Debug|Win32
		{6545C4C1-9A4E-4873-8BEC-9BB18AF7F6B5}.Release|x64.ActiveCfg = Release|x64
		{6545C4C1-9A4E-4873-8BEC-9BB18AF7F6B5}.Release|x64.Build.0 = Release|x64
		{6545C4C1-9A4E-4873-8BEC-9BB18AF7F6B5}.Release|x86.ActiveCfg = Release|Win32
		{6545C4C1-9A4E-4873-8BEC-9BB18AF7F6B5}.Release|x86.Build.0 = Release|Win32
		{A9259CF8-DEC8-48D3-A75B-E4DDA85F6192}.Debug|x64.ActiveCfg = Debug|x64
		{A9259CF8-DEC8-48D3-A75B-E4DDA85F6192}.Debug|x64.Build.0 = Debug|x64
		{A9259CF8-DEC8-48D3-A75B-E4DDA85F6192}.Debug|x86.ActiveCfg = Debug|Win32
		{A9259CF8-DEC8-48D3-A75B-E4DDA85F6192}.Debug|x86.Build.0 = Debug|Win32
		{A9259CF8-DEC8-48D3-A75B-E4DDA85F6192}.Release|x64.ActiveCfg = Release|x64
		{A9259CF8-DEC8-48D3-A75B-E4DDA85F6192}.Release|x64.Build.0 = Release|x64
		{A9259CF8-DEC8-48D3-A75B-E4DDA85F6192}.Release|x86.ActiveCfg = Release|Win32
		{A9259CF8-DEC8-48D3-A75B-E4DDA85F6192}.Release|x86.Build.0 = Release|Win32
		{73D595FC-2E58-4AA6-BC23-621AD9A32B6A}.Debug|x64.ActiveCfg = Debug|x64
		{73D595FC-2E58-4AA6-BC23-621AD9A32B6A}.Debug|x64.Build.0 = Debug|x64
		{73D595FC-2E58-4AA6-BC23-621AD9A32B6A}.Debug|x86.ActiveCfg = Debug|Win32
		{73D595FC-2E58-4AA6-BC23-621AD9A32B6A}.Debug|x86.Build.0 = Debug|Win32
		{73D595FC-2E58-4AA6-BC23-621AD9A32B6A}.Release|x64.ActiveCfg = Release|x64
		{73D595FC-2E58-4AA6-BC23-621AD9A32B6A}.Release|x64.Build.0 = Release|x64
		{73D595FC-2E58-4AA6-BC23-621AD9A32B6A}.Release|x86.ActiveCfg = Release|Win32
		{73D595FC-2E58-4AA6-BC23-621AD9A32B6A}.Release|x86.Build.0 = Release|Win32
		{499305DE-4876-4B3E-A57A-4F239A91CFF8}.Debug|x64.ActiveCfg = Debug|x64
		{499305DE-4876-4B3E-A57A-4F239A91CFF8}.Debug|x64.Build.0 = Debug|x64
		{499305DE-4876-4B3E-A57A-4F239A91CFF8}.Debug|x86.ActiveCfg = Debug|Win32
		{499305DE-4876-4B3E-A57A-4F239A91CFF8}.Debug|x86.Build.0 = Debug|Win32
		{499305DE-4876-4B3E-A57A-4F239A91CFF8}.Release|x64.ActiveCfg = Release|x64
		{499305DE-4876-4B3E-A57A-4F239A91CFF8}.Release|x64.Build.0 = Release|x64
		{499305DE-4876-4B3E-A57A-4F239A91CFF8}.Release|x86.ActiveCfg = Release|Win32
		{499305DE-4876-4B3E-A57A-4F239A91CFF8}.Release|x86.Build.0 = Release|Win32
		{CEEB3E6C-07EF-4B08-ACCB-FC2FFEC256EA}.Debug|x64.ActiveCfg = Debug|x64
		{CEEB3E6C-07EF-4B08-ACCB-FC2FFEC256EA}.Debug|x64.Build.0 = Debug|x64
		{CEEB3E6C-07EF-4B08-ACCB-FC2FFEC256EA}.Debug|x86.ActiveCfg = Debug|Win32
		{CEEB3E6C-07EF-4B08-ACCB-FC2FFEC256EA}.Debug|x86.Build.0 = Debug|Win32
		{CEEB3E6C-07EF-4B08-ACCB-FC2FFEC256EA}.Release|x64.ActiveCfg = Release|x64
		{CEEB3E6C-07EF-4B08-ACCB-FC2FFEC256EA}.Release|x64.Build.0 = Release|x64
		{CEEB3E6C-07EF-4B08-ACCB-FC2FFEC256EA}.Release|x86.ActiveCfg = Release|Win32
		{CEEB3E6C-07EF-4B08-ACCB-FC2FFEC256EA}.Release|x86.Build.0 = Release|Win32
	EndGlobalSection
	GlobalSection(SolutionProperties) = preSolution
		HideSolutionNode = FALSE
	EndGlobalSection
EndGlobal
