
Microsoft Visual Studio Solution File, Format Version 12.00
# Visual Studio 15
VisualStudioVersion = 15.0.28010.2036
MinimumVisualStudioVersion = 10.0.40219.1
Project("{8BC9CEB8-8B4A-11D0-8D11-00A0C91BC942}") = "NO.0 Test", "NO.0 Test\NO.0 Test.vcxproj", "{7B70B710-74CC-4D59-886E-16DCC50D16AF}"
EndProject
Project("{8BC9CEB8-8B4A-11D0-8D11-00A0C91BC942}") = "NO.1 Two Sum", "NO.1 Two Sum\NO.1 Two Sum.vcxproj", "{937543A2-5062-4072-BDCB-0AE4F8C0124E}"
EndProject
Project("{8BC9CEB8-8B4A-11D0-8D11-00A0C91BC942}") = "NO.2 Add Two Numbers", "NO.2 Add Two Numbers\NO.2 Add Two Numbers.vcxproj", "{19B932D0-231D-4013-9C93-DE6FD4274E38}"
EndProject
Project("{8BC9CEB8-8B4A-11D0-8D11-00A0C91BC942}") = "NO.760 Find Anagram Mappings", "NO.760 Find Anagram Mappings\NO.760 Find Anagram Mappings.vcxproj", "{EB443F63-00D5-47C0-82AC-4BE5E4C3C041}"
EndProject
Project("{8BC9CEB8-8B4A-11D0-8D11-00A0C91BC942}") = "NO.728 Self Dividing Numbers", "NO.728 Self Dividing Numbers\NO.728 Self Dividing Numbers.vcxproj", "{6545C4C1-9A4E-4873-8BEC-9BB18AF7F6B5}"
EndProject
Project("{8BC9CEB8-8B4A-11D0-8D11-00A0C91BC942}") = "NO.461 Hamming Distance", "NO.461 Hamming Distance\NO.461 Hamming Distance.vcxproj", "{A9259CF8-DEC8-48D3-A75B-E4DDA85F6192}"
EndProject
Project("{8BC9CEB8-8B4A-11D0-8D11-00A0C91BC942}") = "NO.657 Judge Route Circle", "NO.657 Judge Route Circle\NO.657 Judge Route Circle.vcxproj", "{73D595FC-2E58-4AA6-BC23-621AD9A32B6A}"
EndProject
Project("{8BC9CEB8-8B4A-11D0-8D11-00A0C91BC942}") = "NO.617 Merge Two Binary Trees", "NO.617 Merge Two Binary Trees\NO.617 Merge Two Binary Trees.vcxproj", "{499305DE-4876-4B3E-A57A-4F239A91CFF8}"
EndProject
Project("{8BC9CEB8-8B4A-11D0-8D11-00A0C91BC942}") = "NO.344 Reverse String", "NO.344 Reverse String\NO.344 Reverse String.vcxproj", "{CEEB3E6C-07EF-4B08-ACCB-FC2FFEC256EA}"
EndProject
Project("{8BC9CEB8-8B4A-11D0-8D11-00A0C91BC942}") = "NO.561 Array Partition I", "NO.561 Array Partition I\NO.561 Array Partition I.vcxproj", "{DC60CBB6-110A-4D0C-AD3A-A48C376C511A}"
EndProject
Project("{8BC9CEB8-8B4A-11D0-8D11-00A0C91BC942}") = "NO.476 Number Complement", "NO.476 Number Complement\NO.476 Number Complement.vcxproj", "{1F1E3F12-DFF2-437D-8A24-9EB7EB9A1333}"
EndProject
Project("{8BC9CEB8-8B4A-11D0-8D11-00A0C91BC942}") = "NO.4 Median of Two Sorted Arrays", "NO.4 Median of Two Sorted Arrays\NO.4 Median of Two Sorted Arrays.vcxproj", "{918714A0-A532-4C32-A6A4-035305FFA339}"
EndProject
Project("{8BC9CEB8-8B4A-11D0-8D11-00A0C91BC942}") = "NO.803 Bricks Falling When Hit", "NO.803 Bricks Falling When Hit\NO.803 Bricks Falling When Hit.vcxproj", "{1894148E-BBDB-445B-804D-D66936EB0437}"
EndProject
Project("{8BC9CEB8-8B4A-11D0-8D11-00A0C91BC942}") = "NO.807 Max Increase to Keep City Skyline", "NO.807 Max Increase to Keep City Skyline\NO.807 Max Increase to Keep City Skyline.vcxproj", "{CEBC433A-9B65-4BC6-B79D-169BBAAA8287}"
EndProject
Project("{8BC9CEB8-8B4A-11D0-8D11-00A0C91BC942}") = "NO.771 Jewels and Stones", "NO.771 Jewels and Stones\NO.771 Jewels and Stones.vcxproj", "{40EB8E01-1E10-426C-B02A-E716370328F5}"
EndProject
Project("{8BC9CEB8-8B4A-11D0-8D11-00A0C91BC942}") = "NO.73 Set Matrix Zeroes", "NO.73 Set Matrix Zeroes\NO.73 Set Matrix Zeroes.vcxproj", "{5D988CAD-CDB4-4765-9124-C15D13339079}"
EndProject
Project("{8BC9CEB8-8B4A-11D0-8D11-00A0C91BC942}") = "NO.79 Word Search", "NO.79 Word Search\NO.79 Word Search.vcxproj", "{54D3565E-4B0D-480D-8B04-DFA2A29699BA}"
EndProject
Project("{8BC9CEB8-8B4A-11D0-8D11-00A0C91BC942}") = "NO.203 Remove Linked List Elements", "NO.203 Remove Linked List Elements\NO.203 Remove Linked List Elements.vcxproj", "{7DECDC90-0624-4F68-A75B-E88E71642A0A}"
EndProject
Project("{8BC9CEB8-8B4A-11D0-8D11-00A0C91BC942}") = "NO.77 Combinations", "NO.77 Combinations\NO.77 Combinations.vcxproj", "{3A36D69F-3DEF-4CCA-8AFB-B0924D5EAD5C}"
EndProject
Project("{8BC9CEB8-8B4A-11D0-8D11-00A0C91BC942}") = "NO.875 Koko Eating Bananas", "NO.875 Koko Eating Bananas\NO.875 Koko Eating Bananas.vcxproj", "{9BF168F2-20E9-45F8-80D4-D9C5A15FE221}"
EndProject
Project("{8BC9CEB8-8B4A-11D0-8D11-00A0C91BC942}") = "NO.872 Leaf-Similar Trees", "NO.872 Leaf-Similar Trees\NO.872 Leaf-Similar Trees.vcxproj", "{DF268A55-887A-44FC-8555-54847F6B3737}"
EndProject
Project("{8BC9CEB8-8B4A-11D0-8D11-00A0C91BC942}") = "NO.876 Middle of the Linked List", "NO.876 Middle of the Linked List\NO.876 Middle of the Linked List.vcxproj", "{7E4D8390-3B80-4EEF-861B-4E374CB0F09A}"
EndProject
Global
	GlobalSection(SolutionConfigurationPlatforms) = preSolution
		Debug|x64 = Debug|x64
		Debug|x86 = Debug|x86
		Release|x64 = Release|x64
		Release|x86 = Release|x86
	EndGlobalSection
	GlobalSection(ProjectConfigurationPlatforms) = postSolution
		{7B70B710-74CC-4D59-886E-16DCC50D16AF}.Debug|x64.ActiveCfg = Debug|x64
		{7B70B710-74CC-4D59-886E-16DCC50D16AF}.Debug|x64.Build.0 = Debug|x64
		{7B70B710-74CC-4D59-886E-16DCC50D16AF}.Debug|x86.ActiveCfg = Debug|Win32
		{7B70B710-74CC-4D59-886E-16DCC50D16AF}.Debug|x86.Build.0 = Debug|Win32
		{7B70B710-74CC-4D59-886E-16DCC50D16AF}.Release|x64.ActiveCfg = Release|x64
		{7B70B710-74CC-4D59-886E-16DCC50D16AF}.Release|x64.Build.0 = Release|x64
		{7B70B710-74CC-4D59-886E-16DCC50D16AF}.Release|x86.ActiveCfg = Release|Win32
		{7B70B710-74CC-4D59-886E-16DCC50D16AF}.Release|x86.Build.0 = Release|Win32
		{937543A2-5062-4072-BDCB-0AE4F8C0124E}.Debug|x64.ActiveCfg = Debug|x64
		{937543A2-5062-4072-BDCB-0AE4F8C0124E}.Debug|x64.Build.0 = Debug|x64
		{937543A2-5062-4072-BDCB-0AE4F8C0124E}.Debug|x86.ActiveCfg = Debug|Win32
		{937543A2-5062-4072-BDCB-0AE4F8C0124E}.Debug|x86.Build.0 = Debug|Win32
		{937543A2-5062-4072-BDCB-0AE4F8C0124E}.Release|x64.ActiveCfg = Release|x64
		{937543A2-5062-4072-BDCB-0AE4F8C0124E}.Release|x64.Build.0 = Release|x64
		{937543A2-5062-4072-BDCB-0AE4F8C0124E}.Release|x86.ActiveCfg = Release|Win32
		{937543A2-5062-4072-BDCB-0AE4F8C0124E}.Release|x86.Build.0 = Release|Win32
		{19B932D0-231D-4013-9C93-DE6FD4274E38}.Debug|x64.ActiveCfg = Debug|x64
		{19B932D0-231D-4013-9C93-DE6FD4274E38}.Debug|x64.Build.0 = Debug|x64
		{19B932D0-231D-4013-9C93-DE6FD4274E38}.Debug|x86.ActiveCfg = Debug|Win32
		{19B932D0-231D-4013-9C93-DE6FD4274E38}.Debug|x86.Build.0 = Debug|Win32
		{19B932D0-231D-4013-9C93-DE6FD4274E38}.Release|x64.ActiveCfg = Release|x64
		{19B932D0-231D-4013-9C93-DE6FD4274E38}.Release|x64.Build.0 = Release|x64
		{19B932D0-231D-4013-9C93-DE6FD4274E38}.Release|x86.ActiveCfg = Release|Win32
		{19B932D0-231D-4013-9C93-DE6FD4274E38}.Release|x86.Build.0 = Release|Win32
		{EB443F63-00D5-47C0-82AC-4BE5E4C3C041}.Debug|x64.ActiveCfg = Debug|x64
		{EB443F63-00D5-47C0-82AC-4BE5E4C3C041}.Debug|x64.Build.0 = Debug|x64
		{EB443F63-00D5-47C0-82AC-4BE5E4C3C041}.Debug|x86.ActiveCfg = Debug|Win32
		{EB443F63-00D5-47C0-82AC-4BE5E4C3C041}.Debug|x86.Build.0 = Debug|Win32
		{EB443F63-00D5-47C0-82AC-4BE5E4C3C041}.Release|x64.ActiveCfg = Release|x64
		{EB443F63-00D5-47C0-82AC-4BE5E4C3C041}.Release|x64.Build.0 = Release|x64
		{EB443F63-00D5-47C0-82AC-4BE5E4C3C041}.Release|x86.ActiveCfg = Release|Win32
		{EB443F63-00D5-47C0-82AC-4BE5E4C3C041}.Release|x86.Build.0 = Release|Win32
		{6545C4C1-9A4E-4873-8BEC-9BB18AF7F6B5}.Debug|x64.ActiveCfg = Debug|x64
		{6545C4C1-9A4E-4873-8BEC-9BB18AF7F6B5}.Debug|x64.Build.0 = Debug|x64
		{6545C4C1-9A4E-4873-8BEC-9BB18AF7F6B5}.Debug|x86.ActiveCfg = Debug|Win32
		{6545C4C1-9A4E-4873-8BEC-9BB18AF7F6B5}.Debug|x86.Build.0 = Debug|Win32
		{6545C4C1-9A4E-4873-8BEC-9BB18AF7F6B5}.Release|x64.ActiveCfg = Release|x64
		{6545C4C1-9A4E-4873-8BEC-9BB18AF7F6B5}.Release|x64.Build.0 = Release|x64
		{6545C4C1-9A4E-4873-8BEC-9BB18AF7F6B5}.Release|x86.ActiveCfg = Release|Win32
		{6545C4C1-9A4E-4873-8BEC-9BB18AF7F6B5}.Release|x86.Build.0 = Release|Win32
		{A9259CF8-DEC8-48D3-A75B-E4DDA85F6192}.Debug|x64.ActiveCfg = Debug|x64
		{A9259CF8-DEC8-48D3-A75B-E4DDA85F6192}.Debug|x64.Build.0 = Debug|x64
		{A9259CF8-DEC8-48D3-A75B-E4DDA85F6192}.Debug|x86.ActiveCfg = Debug|Win32
		{A9259CF8-DEC8-48D3-A75B-E4DDA85F6192}.Debug|x86.Build.0 = Debug|Win32
		{A9259CF8-DEC8-48D3-A75B-E4DDA85F6192}.Release|x64.ActiveCfg = Release|x64
		{A9259CF8-DEC8-48D3-A75B-E4DDA85F6192}.Release|x64.Build.0 = Release|x64
		{A9259CF8-DEC8-48D3-A75B-E4DDA85F6192}.Release|x86.ActiveCfg = Release|Win32
		{A9259CF8-DEC8-48D3-A75B-E4DDA85F6192}.Release|x86.Build.0 = Release|Win32
		{73D595FC-2E58-4AA6-BC23-621AD9A32B6A}.Debug|x64.ActiveCfg = Debug|x64
		{73D595FC-2E58-4AA6-BC23-621AD9A32B6A}.Debug|x64.Build.0 = Debug|x64
		{73D595FC-2E58-4AA6-BC23-621AD9A32B6A}.Debug|x86.ActiveCfg = Debug|Win32
		{73D595FC-2E58-4AA6-BC23-621AD9A32B6A}.Debug|x86.Build.0 = Debug|Win32
		{73D595FC-2E58-4AA6-BC23-621AD9A32B6A}.Release|x64.ActiveCfg = Release|x64
		{73D595FC-2E58-4AA6-BC23-621AD9A32B6A}.Release|x64.Build.0 = Release|x64
		{73D595FC-2E58-4AA6-BC23-621AD9A32B6A}.Release|x86.ActiveCfg = Release|Win32
		{73D595FC-2E58-4AA6-BC23-621AD9A32B6A}.Release|x86.Build.0 = Release|Win32
		{499305DE-4876-4B3E-A57A-4F239A91CFF8}.Debug|x64.ActiveCfg = Debug|x64
		{499305DE-4876-4B3E-A57A-4F239A91CFF8}.Debug|x64.Build.0 = Debug|x64
		{499305DE-4876-4B3E-A57A-4F239A91CFF8}.Debug|x86.ActiveCfg = Debug|Win32
		{499305DE-4876-4B3E-A57A-4F239A91CFF8}.Debug|x86.Build.0 = Debug|Win32
		{499305DE-4876-4B3E-A57A-4F239A91CFF8}.Release|x64.ActiveCfg = Release|x64
		{499305DE-4876-4B3E-A57A-4F239A91CFF8}.Release|x64.Build.0 = Release|x64
		{499305DE-4876-4B3E-A57A-4F239A91CFF8}.Release|x86.ActiveCfg = Release|Win32
		{499305DE-4876-4B3E-A57A-4F239A91CFF8}.Release|x86.Build.0 = Release|Win32
		{CEEB3E6C-07EF-4B08-ACCB-FC2FFEC256EA}.Debug|x64.ActiveCfg = Debug|x64
		{CEEB3E6C-07EF-4B08-ACCB-FC2FFEC256EA}.Debug|x64.Build.0 = Debug|x64
		{CEEB3E6C-07EF-4B08-ACCB-FC2FFEC256EA}.Debug|x86.ActiveCfg = Debug|Win32
		{CEEB3E6C-07EF-4B08-ACCB-FC2FFEC256EA}.Debug|x86.Build.0 = Debug|Win32
		{CEEB3E6C-07EF-4B08-ACCB-FC2FFEC256EA}.Release|x64.ActiveCfg = Release|x64
		{CEEB3E6C-07EF-4B08-ACCB-FC2FFEC256EA}.Release|x64.Build.0 = Release|x64
		{CEEB3E6C-07EF-4B08-ACCB-FC2FFEC256EA}.Release|x86.ActiveCfg = Release|Win32
		{CEEB3E6C-07EF-4B08-ACCB-FC2FFEC256EA}.Release|x86.Build.0 = Release|Win32
		{DC60CBB6-110A-4D0C-AD3A-A48C376C511A}.Debug|x64.ActiveCfg = Debug|x64
		{DC60CBB6-110A-4D0C-AD3A-A48C376C511A}.Debug|x64.Build.0 = Debug|x64
		{DC60CBB6-110A-4D0C-AD3A-A48C376C511A}.Debug|x86.ActiveCfg = Debug|Win32
		{DC60CBB6-110A-4D0C-AD3A-A48C376C511A}.Debug|x86.Build.0 = Debug|Win32
		{DC60CBB6-110A-4D0C-AD3A-A48C376C511A}.Release|x64.ActiveCfg = Release|x64
		{DC60CBB6-110A-4D0C-AD3A-A48C376C511A}.Release|x64.Build.0 = Release|x64
		{DC60CBB6-110A-4D0C-AD3A-A48C376C511A}.Release|x86.ActiveCfg = Release|Win32
		{DC60CBB6-110A-4D0C-AD3A-A48C376C511A}.Release|x86.Build.0 = Release|Win32
		{1F1E3F12-DFF2-437D-8A24-9EB7EB9A1333}.Debug|x64.ActiveCfg = Debug|x64
		{1F1E3F12-DFF2-437D-8A24-9EB7EB9A1333}.Debug|x64.Build.0 = Debug|x64
		{1F1E3F12-DFF2-437D-8A24-9EB7EB9A1333}.Debug|x86.ActiveCfg = Debug|Win32
		{1F1E3F12-DFF2-437D-8A24-9EB7EB9A1333}.Debug|x86.Build.0 = Debug|Win32
		{1F1E3F12-DFF2-437D-8A24-9EB7EB9A1333}.Release|x64.ActiveCfg = Release|x64
		{1F1E3F12-DFF2-437D-8A24-9EB7EB9A1333}.Release|x64.Build.0 = Release|x64
		{1F1E3F12-DFF2-437D-8A24-9EB7EB9A1333}.Release|x86.ActiveCfg = Release|Win32
		{1F1E3F12-DFF2-437D-8A24-9EB7EB9A1333}.Release|x86.Build.0 = Release|Win32
		{918714A0-A532-4C32-A6A4-035305FFA339}.Debug|x64.ActiveCfg = Debug|x64
		{918714A0-A532-4C32-A6A4-035305FFA339}.Debug|x64.Build.0 = Debug|x64
		{918714A0-A532-4C32-A6A4-035305FFA339}.Debug|x86.ActiveCfg = Debug|Win32
		{918714A0-A532-4C32-A6A4-035305FFA339}.Debug|x86.Build.0 = Debug|Win32
		{918714A0-A532-4C32-A6A4-035305FFA339}.Release|x64.ActiveCfg = Release|x64
		{918714A0-A532-4C32-A6A4-035305FFA339}.Release|x64.Build.0 = Release|x64
		{918714A0-A532-4C32-A6A4-035305FFA339}.Release|x86.ActiveCfg = Release|Win32
		{918714A0-A532-4C32-A6A4-035305FFA339}.Release|x86.Build.0 = Release|Win32
		{1894148E-BBDB-445B-804D-D66936EB0437}.Debug|x64.ActiveCfg = Debug|x64
		{1894148E-BBDB-445B-804D-D66936EB0437}.Debug|x64.Build.0 = Debug|x64
		{1894148E-BBDB-445B-804D-D66936EB0437}.Debug|x86.ActiveCfg = Debug|Win32
		{1894148E-BBDB-445B-804D-D66936EB0437}.Debug|x86.Build.0 = Debug|Win32
		{1894148E-BBDB-445B-804D-D66936EB0437}.Release|x64.ActiveCfg = Release|x64
		{1894148E-BBDB-445B-804D-D66936EB0437}.Release|x64.Build.0 = Release|x64
		{1894148E-BBDB-445B-804D-D66936EB0437}.Release|x86.ActiveCfg = Release|Win32
		{1894148E-BBDB-445B-804D-D66936EB0437}.Release|x86.Build.0 = Release|Win32
		{CEBC433A-9B65-4BC6-B79D-169BBAAA8287}.Debug|x64.ActiveCfg = Debug|x64
		{CEBC433A-9B65-4BC6-B79D-169BBAAA8287}.Debug|x64.Build.0 = Debug|x64
		{CEBC433A-9B65-4BC6-B79D-169BBAAA8287}.Debug|x86.ActiveCfg = Debug|Win32
		{CEBC433A-9B65-4BC6-B79D-169BBAAA8287}.Debug|x86.Build.0 = Debug|Win32
		{CEBC433A-9B65-4BC6-B79D-169BBAAA8287}.Release|x64.ActiveCfg = Release|x64
		{CEBC433A-9B65-4BC6-B79D-169BBAAA8287}.Release|x64.Build.0 = Release|x64
		{CEBC433A-9B65-4BC6-B79D-169BBAAA8287}.Release|x86.ActiveCfg = Release|Win32
		{CEBC433A-9B65-4BC6-B79D-169BBAAA8287}.Release|x86.Build.0 = Release|Win32
		{40EB8E01-1E10-426C-B02A-E716370328F5}.Debug|x64.ActiveCfg = Debug|x64
		{40EB8E01-1E10-426C-B02A-E716370328F5}.Debug|x64.Build.0 = Debug|x64
		{40EB8E01-1E10-426C-B02A-E716370328F5}.Debug|x86.ActiveCfg = Debug|Win32
		{40EB8E01-1E10-426C-B02A-E716370328F5}.Debug|x86.Build.0 = Debug|Win32
		{40EB8E01-1E10-426C-B02A-E716370328F5}.Release|x64.ActiveCfg = Release|x64
		{40EB8E01-1E10-426C-B02A-E716370328F5}.Release|x64.Build.0 = Release|x64
		{40EB8E01-1E10-426C-B02A-E716370328F5}.Release|x86.ActiveCfg = Release|Win32
		{40EB8E01-1E10-426C-B02A-E716370328F5}.Release|x86.Build.0 = Release|Win32
		{5D988CAD-CDB4-4765-9124-C15D13339079}.Debug|x64.ActiveCfg = Debug|x64
		{5D988CAD-CDB4-4765-9124-C15D13339079}.Debug|x64.Build.0 = Debug|x64
		{5D988CAD-CDB4-4765-9124-C15D13339079}.Debug|x86.ActiveCfg = Debug|Win32
		{5D988CAD-CDB4-4765-9124-C15D13339079}.Debug|x86.Build.0 = Debug|Win32
		{5D988CAD-CDB4-4765-9124-C15D13339079}.Release|x64.ActiveCfg = Release|x64
		{5D988CAD-CDB4-4765-9124-C15D13339079}.Release|x64.Build.0 = Release|x64
		{5D988CAD-CDB4-4765-9124-C15D13339079}.Release|x86.ActiveCfg = Release|Win32
		{5D988CAD-CDB4-4765-9124-C15D13339079}.Release|x86.Build.0 = Release|Win32
		{54D3565E-4B0D-480D-8B04-DFA2A29699BA}.Debug|x64.ActiveCfg = Debug|x64
		{54D3565E-4B0D-480D-8B04-DFA2A29699BA}.Debug|x64.Build.0 = Debug|x64
		{54D3565E-4B0D-480D-8B04-DFA2A29699BA}.Debug|x86.ActiveCfg = Debug|Win32
		{54D3565E-4B0D-480D-8B04-DFA2A29699BA}.Debug|x86.Build.0 = Debug|Win32
		{54D3565E-4B0D-480D-8B04-DFA2A29699BA}.Release|x64.ActiveCfg = Release|x64
		{54D3565E-4B0D-480D-8B04-DFA2A29699BA}.Release|x64.Build.0 = Release|x64
		{54D3565E-4B0D-480D-8B04-DFA2A29699BA}.Release|x86.ActiveCfg = Release|Win32
		{54D3565E-4B0D-480D-8B04-DFA2A29699BA}.Release|x86.Build.0 = Release|Win32
		{7DECDC90-0624-4F68-A75B-E88E71642A0A}.Debug|x64.ActiveCfg = Debug|x64
		{7DECDC90-0624-4F68-A75B-E88E71642A0A}.Debug|x64.Build.0 = Debug|x64
		{7DECDC90-0624-4F68-A75B-E88E71642A0A}.Debug|x86.ActiveCfg = Debug|Win32
		{7DECDC90-0624-4F68-A75B-E88E71642A0A}.Debug|x86.Build.0 = Debug|Win32
		{7DECDC90-0624-4F68-A75B-E88E71642A0A}.Release|x64.ActiveCfg = Release|x64
		{7DECDC90-0624-4F68-A75B-E88E71642A0A}.Release|x64.Build.0 = Release|x64
		{7DECDC90-0624-4F68-A75B-E88E71642A0A}.Release|x86.ActiveCfg = Release|Win32
		{7DECDC90-0624-4F68-A75B-E88E71642A0A}.Release|x86.Build.0 = Release|Win32
		{3A36D69F-3DEF-4CCA-8AFB-B0924D5EAD5C}.Debug|x64.ActiveCfg = Debug|x64
		{3A36D69F-3DEF-4CCA-8AFB-B0924D5EAD5C}.Debug|x64.Build.0 = Debug|x64
		{3A36D69F-3DEF-4CCA-8AFB-B0924D5EAD5C}.Debug|x86.ActiveCfg = Debug|Win32
		{3A36D69F-3DEF-4CCA-8AFB-B0924D5EAD5C}.Debug|x86.Build.0 = Debug|Win32
		{3A36D69F-3DEF-4CCA-8AFB-B0924D5EAD5C}.Release|x64.ActiveCfg = Release|x64
		{3A36D69F-3DEF-4CCA-8AFB-B0924D5EAD5C}.Release|x64.Build.0 = Release|x64
		{3A36D69F-3DEF-4CCA-8AFB-B0924D5EAD5C}.Release|x86.ActiveCfg = Release|Win32
		{3A36D69F-3DEF-4CCA-8AFB-B0924D5EAD5C}.Release|x86.Build.0 = Release|Win32
		{9BF168F2-20E9-45F8-80D4-D9C5A15FE221}.Debug|x64.ActiveCfg = Debug|x64
		{9BF168F2-20E9-45F8-80D4-D9C5A15FE221}.Debug|x64.Build.0 = Debug|x64
		{9BF168F2-20E9-45F8-80D4-D9C5A15FE221}.Debug|x86.ActiveCfg = Debug|Win32
		{9BF168F2-20E9-45F8-80D4-D9C5A15FE221}.Debug|x86.Build.0 = Debug|Win32
		{9BF168F2-20E9-45F8-80D4-D9C5A15FE221}.Release|x64.ActiveCfg = Release|x64
		{9BF168F2-20E9-45F8-80D4-D9C5A15FE221}.Release|x64.Build.0 = Release|x64
		{9BF168F2-20E9-45F8-80D4-D9C5A15FE221}.Release|x86.ActiveCfg = Release|Win32
		{9BF168F2-20E9-45F8-80D4-D9C5A15FE221}.Release|x86.Build.0 = Release|Win32
		{DF268A55-887A-44FC-8555-54847F6B3737}.Debug|x64.ActiveCfg = Debug|x64
		{DF268A55-887A-44FC-8555-54847F6B3737}.Debug|x64.Build.0 = Debug|x64
		{DF268A55-887A-44FC-8555-54847F6B3737}.Debug|x86.ActiveCfg = Debug|Win32
		{DF268A55-887A-44FC-8555-54847F6B3737}.Debug|x86.Build.0 = Debug|Win32
		{DF268A55-887A-44FC-8555-54847F6B3737}.Release|x64.ActiveCfg = Release|x64
		{DF268A55-887A-44FC-8555-54847F6B3737}.Release|x64.Build.0 = Release|x64
		{DF268A55-887A-44FC-8555-54847F6B3737}.Release|x86.ActiveCfg = Release|Win32
		{DF268A55-887A-44FC-8555-54847F6B3737}.Release|x86.Build.0 = Release|Win32
		{7E4D8390-3B80-4EEF-861B-4E374CB0F09A}.Debug|x64.ActiveCfg = Debug|x64
		{7E4D8390-3B80-4EEF-861B-4E374CB0F09A}.Debug|x64.Build.0 = Debug|x64
		{7E4D8390-3B80-4EEF-861B-4E374CB0F09A}.Debug|x86.ActiveCfg = Debug|Win32
		{7E4D8390-3B80-4EEF-861B-4E374CB0F09A}.Debug|x86.Build.0 = Debug|Win32
		{7E4D8390-3B80-4EEF-861B-4E374CB0F09A}.Release|x64.ActiveCfg = Release|x64
		{7E4D8390-3B80-4EEF-861B-4E374CB0F09A}.Release|x64.Build.0 = Release|x64
		{7E4D8390-3B80-4EEF-861B-4E374CB0F09A}.Release|x86.ActiveCfg = Release|Win32
		{7E4D8390-3B80-4EEF-861B-4E374CB0F09A}.Release|x86.Build.0 = Release|Win32
	EndGlobalSection
	GlobalSection(SolutionProperties) = preSolution
		HideSolutionNode = FALSE
	EndGlobalSection
	GlobalSection(ExtensibilityGlobals) = postSolution
		SolutionGuid = {800D4BBD-F663-4022-A1A0-3625C2582CA9}
	EndGlobalSection
EndGlobal
